
Microsoft Visual Studio Solution File, Format Version 12.00
# Visual Studio 2012
Project("{FAE04EC0-301F-11D3-BF4B-00C04F79EFBC}") = "WinPhone8.0BlankApplication", "WinPhone8.0BlankApplication\WinPhone8.0BlankApplication.csproj", "{AD07D7CB-B4C8-4274-A372-3523024378E0}"
EndProject
Global
	GlobalSection(SolutionConfigurationPlatforms) = preSolution
		Debug|Any CPU = Debug|Any CPU
		Debug|ARM = Debug|ARM
		Debug|x86 = Debug|x86
		Release|Any CPU = Release|Any CPU
		Release|ARM = Release|ARM
		Release|x86 = Release|x86
	EndGlobalSection
	GlobalSection(ProjectConfigurationPlatforms) = postSolution
		{AD07D7CB-B4C8-4274-A372-3523024378E0}.Debug|Any CPU.ActiveCfg = Debug|Any CPU
		{AD07D7CB-B4C8-4274-A372-3523024378E0}.Debug|Any CPU.Build.0 = Debug|Any CPU
		{AD07D7CB-B4C8-4274-A372-3523024378E0}.Debug|Any CPU.Deploy.0 = Debug|Any CPU
		{AD07D7CB-B4C8-4274-A372-3523024378E0}.Debug|ARM.ActiveCfg = Debug|ARM
		{AD07D7CB-B4C8-4274-A372-3523024378E0}.Debug|ARM.Build.0 = Debug|ARM
		{AD07D7CB-B4C8-4274-A372-3523024378E0}.Debug|ARM.Deploy.0 = Debug|ARM
		{AD07D7CB-B4C8-4274-A372-3523024378E0}.Debug|x86.ActiveCfg = Debug|x86
		{AD07D7CB-B4C8-4274-A372-3523024378E0}.Debug|x86.Build.0 = Debug|x86
		{AD07D7CB-B4C8-4274-A372-3523024378E0}.Debug|x86.Deploy.0 = Debug|x86
		{AD07D7CB-B4C8-4274-A372-3523024378E0}.Release|Any CPU.ActiveCfg = Release|Any CPU
		{AD07D7CB-B4C8-4274-A372-3523024378E0}.Release|Any CPU.Build.0 = Release|Any CPU
		{AD07D7CB-B4C8-4274-A372-3523024378E0}.Release|Any CPU.Deploy.0 = Release|Any CPU
		{AD07D7CB-B4C8-4274-A372-3523024378E0}.Release|ARM.ActiveCfg = Release|ARM
		{AD07D7CB-B4C8-4274-A372-3523024378E0}.Release|ARM.Build.0 = Release|ARM
		{AD07D7CB-B4C8-4274-A372-3523024378E0}.Release|ARM.Deploy.0 = Release|ARM
		{AD07D7CB-B4C8-4274-A372-3523024378E0}.Release|x86.ActiveCfg = Release|x86
		{AD07D7CB-B4C8-4274-A372-3523024378E0}.Release|x86.Build.0 = Release|x86
		{AD07D7CB-B4C8-4274-A372-3523024378E0}.Release|x86.Deploy.0 = Release|x86
	EndGlobalSection
	GlobalSection(SolutionProperties) = preSolution
		HideSolutionNode = FALSE
	EndGlobalSection
EndGlobal
