
Microsoft Visual Studio Solution File, Format Version 11.00
# Visual Studio 2010 Express for Windows Phone
Project("{FAE04EC0-301F-11D3-BF4B-00C04F79EFBC}") = "sdkToastNotificationCS", "sdkToastNotificationCS\sdkToastNotificationCS.csproj", "{10C76739-B826-4523-9ED0-55A9595B17D2}"
EndProject
Global
	GlobalSection(SolutionConfigurationPlatforms) = preSolution
		Debug|Any CPU = Debug|Any CPU
		Release|Any CPU = Release|Any CPU
	EndGlobalSection
	GlobalSection(ProjectConfigurationPlatforms) = postSolution
		{10C76739-B826-4523-9ED0-55A9595B17D2}.Debug|Any CPU.ActiveCfg = Debug|Any CPU
		{10C76739-B826-4523-9ED0-55A9595B17D2}.Debug|Any CPU.Build.0 = Debug|Any CPU
		{10C76739-B826-4523-9ED0-55A9595B17D2}.Debug|Any CPU.Deploy.0 = Debug|Any CPU
		{10C76739-B826-4523-9ED0-55A9595B17D2}.Release|Any CPU.ActiveCfg = Release|Any CPU
		{10C76739-B826-4523-9ED0-55A9595B17D2}.Release|Any CPU.Build.0 = Release|Any CPU
		{10C76739-B826-4523-9ED0-55A9595B17D2}.Release|Any CPU.Deploy.0 = Release|Any CPU
	EndGlobalSection
	GlobalSection(SolutionProperties) = preSolution
		HideSolutionNode = FALSE
	EndGlobalSection
EndGlobal
