
Microsoft Visual Studio Solution File, Format Version 12.00
# Visual Studio 2012
Project("{FAE04EC0-301F-11D3-BF4B-00C04F79EFBC}") = "Win8 Tester", "Win8 Tester\Win8 Tester.csproj", "{28CF2301-F138-4512-AD2C-49553FDFECC0}"
EndProject
Project("{FAE04EC0-301F-11D3-BF4B-00C04F79EFBC}") = "WP7 Tester", "WP7 Tester\WP7 Tester.csproj", "{DEA0A3E8-8C92-4A7E-B338-C7C408E2CCAF}"
EndProject
Project("{FAE04EC0-301F-11D3-BF4B-00C04F79EFBC}") = "WP8 Tester", "WP8 Tester\WP8 Tester.csproj", "{C95D6C1C-923F-4016-AE7B-70F8D1F5BA68}"
EndProject
Project("{FAE04EC0-301F-11D3-BF4B-00C04F79EFBC}") = "Coding4Fun.Toolkit.Controls (wp8)", "Coding4Fun.Toolkit.Controls (WP8)\Coding4Fun.Toolkit.Controls (wp8).csproj", "{7C6895D4-7899-4C5D-8B43-08346AD8605E}"
EndProject
Project("{FAE04EC0-301F-11D3-BF4B-00C04F79EFBC}") = "Coding4Fun.Toolkit.Controls (wp7)", "Coding4Fun.Toolkit.Controls (WP7)\Coding4Fun.Toolkit.Controls (wp7).csproj", "{8117915E-317B-4BE7-8773-04C91A6E294C}"
EndProject
Project("{FAE04EC0-301F-11D3-BF4B-00C04F79EFBC}") = "Coding4Fun.Toolkit.Controls (WinStore)", "Coding4Fun.Toolkit.Controls (WinStore)\Coding4Fun.Toolkit.Controls (WinStore).csproj", "{3530CE30-6613-4899-9804-F7D9C2C7D282}"
EndProject
Global
	GlobalSection(SolutionConfigurationPlatforms) = preSolution
		Debug|Any CPU = Debug|Any CPU
		Debug|ARM = Debug|ARM
		Debug|x64 = Debug|x64
		Debug|x86 = Debug|x86
		Release|Any CPU = Release|Any CPU
		Release|ARM = Release|ARM
		Release|x64 = Release|x64
		Release|x86 = Release|x86
	EndGlobalSection
	GlobalSection(ProjectConfigurationPlatforms) = postSolution
		{28CF2301-F138-4512-AD2C-49553FDFECC0}.Debug|Any CPU.ActiveCfg = Debug|Any CPU
		{28CF2301-F138-4512-AD2C-49553FDFECC0}.Debug|Any CPU.Build.0 = Debug|Any CPU
		{28CF2301-F138-4512-AD2C-49553FDFECC0}.Debug|Any CPU.Deploy.0 = Debug|Any CPU
		{28CF2301-F138-4512-AD2C-49553FDFECC0}.Debug|ARM.ActiveCfg = Debug|ARM
		{28CF2301-F138-4512-AD2C-49553FDFECC0}.Debug|ARM.Build.0 = Debug|ARM
		{28CF2301-F138-4512-AD2C-49553FDFECC0}.Debug|ARM.Deploy.0 = Debug|ARM
		{28CF2301-F138-4512-AD2C-49553FDFECC0}.Debug|x64.ActiveCfg = Debug|x64
		{28CF2301-F138-4512-AD2C-49553FDFECC0}.Debug|x64.Build.0 = Debug|x64
		{28CF2301-F138-4512-AD2C-49553FDFECC0}.Debug|x64.Deploy.0 = Debug|x64
		{28CF2301-F138-4512-AD2C-49553FDFECC0}.Debug|x86.ActiveCfg = Debug|x86
		{28CF2301-F138-4512-AD2C-49553FDFECC0}.Debug|x86.Build.0 = Debug|x86
		{28CF2301-F138-4512-AD2C-49553FDFECC0}.Debug|x86.Deploy.0 = Debug|x86
		{28CF2301-F138-4512-AD2C-49553FDFECC0}.Release|Any CPU.ActiveCfg = Release|Any CPU
		{28CF2301-F138-4512-AD2C-49553FDFECC0}.Release|Any CPU.Build.0 = Release|Any CPU
		{28CF2301-F138-4512-AD2C-49553FDFECC0}.Release|Any CPU.Deploy.0 = Release|Any CPU
		{28CF2301-F138-4512-AD2C-49553FDFECC0}.Release|ARM.ActiveCfg = Release|ARM
		{28CF2301-F138-4512-AD2C-49553FDFECC0}.Release|ARM.Build.0 = Release|ARM
		{28CF2301-F138-4512-AD2C-49553FDFECC0}.Release|ARM.Deploy.0 = Release|ARM
		{28CF2301-F138-4512-AD2C-49553FDFECC0}.Release|x64.ActiveCfg = Release|x64
		{28CF2301-F138-4512-AD2C-49553FDFECC0}.Release|x64.Build.0 = Release|x64
		{28CF2301-F138-4512-AD2C-49553FDFECC0}.Release|x64.Deploy.0 = Release|x64
		{28CF2301-F138-4512-AD2C-49553FDFECC0}.Release|x86.ActiveCfg = Release|x86
		{28CF2301-F138-4512-AD2C-49553FDFECC0}.Release|x86.Build.0 = Release|x86
		{28CF2301-F138-4512-AD2C-49553FDFECC0}.Release|x86.Deploy.0 = Release|x86
		{DEA0A3E8-8C92-4A7E-B338-C7C408E2CCAF}.Debug|Any CPU.ActiveCfg = Debug|Any CPU
		{DEA0A3E8-8C92-4A7E-B338-C7C408E2CCAF}.Debug|Any CPU.Build.0 = Debug|Any CPU
		{DEA0A3E8-8C92-4A7E-B338-C7C408E2CCAF}.Debug|Any CPU.Deploy.0 = Debug|Any CPU
		{DEA0A3E8-8C92-4A7E-B338-C7C408E2CCAF}.Debug|ARM.ActiveCfg = Debug|Any CPU
		{DEA0A3E8-8C92-4A7E-B338-C7C408E2CCAF}.Debug|x64.ActiveCfg = Debug|Any CPU
		{DEA0A3E8-8C92-4A7E-B338-C7C408E2CCAF}.Debug|x86.ActiveCfg = Debug|Any CPU
		{DEA0A3E8-8C92-4A7E-B338-C7C408E2CCAF}.Release|Any CPU.ActiveCfg = Release|Any CPU
		{DEA0A3E8-8C92-4A7E-B338-C7C408E2CCAF}.Release|Any CPU.Build.0 = Release|Any CPU
		{DEA0A3E8-8C92-4A7E-B338-C7C408E2CCAF}.Release|Any CPU.Deploy.0 = Release|Any CPU
		{DEA0A3E8-8C92-4A7E-B338-C7C408E2CCAF}.Release|ARM.ActiveCfg = Release|Any CPU
		{DEA0A3E8-8C92-4A7E-B338-C7C408E2CCAF}.Release|x64.ActiveCfg = Release|Any CPU
		{DEA0A3E8-8C92-4A7E-B338-C7C408E2CCAF}.Release|x86.ActiveCfg = Release|Any CPU
		{C95D6C1C-923F-4016-AE7B-70F8D1F5BA68}.Debug|Any CPU.ActiveCfg = Debug|Any CPU
		{C95D6C1C-923F-4016-AE7B-70F8D1F5BA68}.Debug|Any CPU.Build.0 = Debug|Any CPU
		{C95D6C1C-923F-4016-AE7B-70F8D1F5BA68}.Debug|Any CPU.Deploy.0 = Debug|Any CPU
		{C95D6C1C-923F-4016-AE7B-70F8D1F5BA68}.Debug|ARM.ActiveCfg = Debug|ARM
		{C95D6C1C-923F-4016-AE7B-70F8D1F5BA68}.Debug|ARM.Build.0 = Debug|ARM
		{C95D6C1C-923F-4016-AE7B-70F8D1F5BA68}.Debug|ARM.Deploy.0 = Debug|ARM
		{C95D6C1C-923F-4016-AE7B-70F8D1F5BA68}.Debug|x64.ActiveCfg = Debug|Any CPU
		{C95D6C1C-923F-4016-AE7B-70F8D1F5BA68}.Debug|x86.ActiveCfg = Debug|x86
		{C95D6C1C-923F-4016-AE7B-70F8D1F5BA68}.Debug|x86.Build.0 = Debug|x86
		{C95D6C1C-923F-4016-AE7B-70F8D1F5BA68}.Debug|x86.Deploy.0 = Debug|x86
		{C95D6C1C-923F-4016-AE7B-70F8D1F5BA68}.Release|Any CPU.ActiveCfg = Release|Any CPU
		{C95D6C1C-923F-4016-AE7B-70F8D1F5BA68}.Release|Any CPU.Build.0 = Release|Any CPU
		{C95D6C1C-923F-4016-AE7B-70F8D1F5BA68}.Release|Any CPU.Deploy.0 = Release|Any CPU
		{C95D6C1C-923F-4016-AE7B-70F8D1F5BA68}.Release|ARM.ActiveCfg = Release|ARM
		{C95D6C1C-923F-4016-AE7B-70F8D1F5BA68}.Release|ARM.Build.0 = Release|ARM
		{C95D6C1C-923F-4016-AE7B-70F8D1F5BA68}.Release|ARM.Deploy.0 = Release|ARM
		{C95D6C1C-923F-4016-AE7B-70F8D1F5BA68}.Release|x64.ActiveCfg = Release|Any CPU
		{C95D6C1C-923F-4016-AE7B-70F8D1F5BA68}.Release|x86.ActiveCfg = Release|x86
		{C95D6C1C-923F-4016-AE7B-70F8D1F5BA68}.Release|x86.Build.0 = Release|x86
		{C95D6C1C-923F-4016-AE7B-70F8D1F5BA68}.Release|x86.Deploy.0 = Release|x86
		{7C6895D4-7899-4C5D-8B43-08346AD8605E}.Debug|Any CPU.ActiveCfg = Debug|Any CPU
		{7C6895D4-7899-4C5D-8B43-08346AD8605E}.Debug|Any CPU.Build.0 = Debug|Any CPU
		{7C6895D4-7899-4C5D-8B43-08346AD8605E}.Debug|ARM.ActiveCfg = Debug|ARM
		{7C6895D4-7899-4C5D-8B43-08346AD8605E}.Debug|ARM.Build.0 = Debug|ARM
		{7C6895D4-7899-4C5D-8B43-08346AD8605E}.Debug|x64.ActiveCfg = Debug|Any CPU
		{7C6895D4-7899-4C5D-8B43-08346AD8605E}.Debug|x86.ActiveCfg = Debug|x86
		{7C6895D4-7899-4C5D-8B43-08346AD8605E}.Debug|x86.Build.0 = Debug|x86
		{7C6895D4-7899-4C5D-8B43-08346AD8605E}.Release|Any CPU.ActiveCfg = Release|Any CPU
		{7C6895D4-7899-4C5D-8B43-08346AD8605E}.Release|Any CPU.Build.0 = Release|Any CPU
		{7C6895D4-7899-4C5D-8B43-08346AD8605E}.Release|ARM.ActiveCfg = Release|ARM
		{7C6895D4-7899-4C5D-8B43-08346AD8605E}.Release|ARM.Build.0 = Release|ARM
		{7C6895D4-7899-4C5D-8B43-08346AD8605E}.Release|x64.ActiveCfg = Release|Any CPU
		{7C6895D4-7899-4C5D-8B43-08346AD8605E}.Release|x86.ActiveCfg = Release|x86
		{7C6895D4-7899-4C5D-8B43-08346AD8605E}.Release|x86.Build.0 = Release|x86
		{8117915E-317B-4BE7-8773-04C91A6E294C}.Debug|Any CPU.ActiveCfg = Debug|Any CPU
		{8117915E-317B-4BE7-8773-04C91A6E294C}.Debug|Any CPU.Build.0 = Debug|Any CPU
		{8117915E-317B-4BE7-8773-04C91A6E294C}.Debug|ARM.ActiveCfg = Debug|Any CPU
		{8117915E-317B-4BE7-8773-04C91A6E294C}.Debug|x64.ActiveCfg = Debug|Any CPU
		{8117915E-317B-4BE7-8773-04C91A6E294C}.Debug|x86.ActiveCfg = Debug|Any CPU
		{8117915E-317B-4BE7-8773-04C91A6E294C}.Release|Any CPU.ActiveCfg = Release|Any CPU
		{8117915E-317B-4BE7-8773-04C91A6E294C}.Release|Any CPU.Build.0 = Release|Any CPU
		{8117915E-317B-4BE7-8773-04C91A6E294C}.Release|ARM.ActiveCfg = Release|Any CPU
		{8117915E-317B-4BE7-8773-04C91A6E294C}.Release|x64.ActiveCfg = Release|Any CPU
		{8117915E-317B-4BE7-8773-04C91A6E294C}.Release|x86.ActiveCfg = Release|Any CPU
		{3530CE30-6613-4899-9804-F7D9C2C7D282}.Debug|Any CPU.ActiveCfg = Debug|Any CPU
		{3530CE30-6613-4899-9804-F7D9C2C7D282}.Debug|Any CPU.Build.0 = Debug|Any CPU
		{3530CE30-6613-4899-9804-F7D9C2C7D282}.Debug|ARM.ActiveCfg = Debug|ARM
		{3530CE30-6613-4899-9804-F7D9C2C7D282}.Debug|ARM.Build.0 = Debug|ARM
		{3530CE30-6613-4899-9804-F7D9C2C7D282}.Debug|x64.ActiveCfg = Debug|x64
		{3530CE30-6613-4899-9804-F7D9C2C7D282}.Debug|x64.Build.0 = Debug|x64
		{3530CE30-6613-4899-9804-F7D9C2C7D282}.Debug|x86.ActiveCfg = Debug|x86
		{3530CE30-6613-4899-9804-F7D9C2C7D282}.Debug|x86.Build.0 = Debug|x86
		{3530CE30-6613-4899-9804-F7D9C2C7D282}.Release|Any CPU.ActiveCfg = Release|Any CPU
		{3530CE30-6613-4899-9804-F7D9C2C7D282}.Release|Any CPU.Build.0 = Release|Any CPU
		{3530CE30-6613-4899-9804-F7D9C2C7D282}.Release|ARM.ActiveCfg = Release|ARM
		{3530CE30-6613-4899-9804-F7D9C2C7D282}.Release|ARM.Build.0 = Release|ARM
		{3530CE30-6613-4899-9804-F7D9C2C7D282}.Release|x64.ActiveCfg = Release|x64
		{3530CE30-6613-4899-9804-F7D9C2C7D282}.Release|x64.Build.0 = Release|x64
		{3530CE30-6613-4899-9804-F7D9C2C7D282}.Release|x86.ActiveCfg = Release|x86
		{3530CE30-6613-4899-9804-F7D9C2C7D282}.Release|x86.Build.0 = Release|x86
	EndGlobalSection
	GlobalSection(SolutionProperties) = preSolution
		HideSolutionNode = FALSE
	EndGlobalSection
EndGlobal
