
Microsoft Visual Studio Solution File, Format Version 11.00
# Visual Studio 2010
Project("{FAE04EC0-301F-11D3-BF4B-00C04F79EFBC}") = "Coding4Fun.Phone.Controls", "Coding4Fun.Phone.Controls\Coding4Fun.Phone.Controls.csproj", "{09AC45C7-27E8-4A39-B2C4-0031111595D5}"
EndProject
Project("{FAE04EC0-301F-11D3-BF4B-00C04F79EFBC}") = "Coding4Fun.Phone.TestApplication", "Coding4Fun.Phone.TestApplication\Coding4Fun.Phone.TestApplication.csproj", "{53FC1A6D-5AC5-4E03-BF76-015D6014DC2E}"
EndProject
Project("{FAE04EC0-301F-11D3-BF4B-00C04F79EFBC}") = "Coding4Fun.Phone.Controls.Toolkit", "Coding4Fun.Phone.Controls.Toolkit\Coding4Fun.Phone.Controls.Toolkit.csproj", "{B58CFF25-E379-4719-81A3-59905027BC00}"
EndProject
Project("{FAE04EC0-301F-11D3-BF4B-00C04F79EFBC}") = "Coding4Fun.Phone.Site.Controls", "Coding4Fun.Phone.Site.Controls\Coding4Fun.Phone.Site.Controls.csproj", "{B5067622-7764-488C-AABE-FBE0D3BE9F65}"
EndProject
Project("{FAE04EC0-301F-11D3-BF4B-00C04F79EFBC}") = "Coding4Fun.Phone.Audio", "Coding4Fun.Phone.Audio\Coding4Fun.Phone.Audio.csproj", "{78BFE08B-7F0A-4A2E-8000-B75E6B97536E}"
EndProject
Project("{FAE04EC0-301F-11D3-BF4B-00C04F79EFBC}") = "Coding4Fun.Phone.Storage", "Coding4Fun.Phone.Storage\Coding4Fun.Phone.Storage.csproj", "{C0ACC865-5179-41F4-A517-044E2784A805}"
EndProject
Global
	GlobalSection(SolutionConfigurationPlatforms) = preSolution
		Debug|Any CPU = Debug|Any CPU
		Release|Any CPU = Release|Any CPU
	EndGlobalSection
	GlobalSection(ProjectConfigurationPlatforms) = postSolution
		{09AC45C7-27E8-4A39-B2C4-0031111595D5}.Debug|Any CPU.ActiveCfg = Debug|Any CPU
		{09AC45C7-27E8-4A39-B2C4-0031111595D5}.Debug|Any CPU.Build.0 = Debug|Any CPU
		{09AC45C7-27E8-4A39-B2C4-0031111595D5}.Release|Any CPU.ActiveCfg = Release|Any CPU
		{09AC45C7-27E8-4A39-B2C4-0031111595D5}.Release|Any CPU.Build.0 = Release|Any CPU
		{53FC1A6D-5AC5-4E03-BF76-015D6014DC2E}.Debug|Any CPU.ActiveCfg = Debug|Any CPU
		{53FC1A6D-5AC5-4E03-BF76-015D6014DC2E}.Debug|Any CPU.Build.0 = Debug|Any CPU
		{53FC1A6D-5AC5-4E03-BF76-015D6014DC2E}.Debug|Any CPU.Deploy.0 = Debug|Any CPU
		{53FC1A6D-5AC5-4E03-BF76-015D6014DC2E}.Release|Any CPU.ActiveCfg = Release|Any CPU
		{53FC1A6D-5AC5-4E03-BF76-015D6014DC2E}.Release|Any CPU.Build.0 = Release|Any CPU
		{53FC1A6D-5AC5-4E03-BF76-015D6014DC2E}.Release|Any CPU.Deploy.0 = Release|Any CPU
		{B58CFF25-E379-4719-81A3-59905027BC00}.Debug|Any CPU.ActiveCfg = Debug|Any CPU
		{B58CFF25-E379-4719-81A3-59905027BC00}.Debug|Any CPU.Build.0 = Debug|Any CPU
		{B58CFF25-E379-4719-81A3-59905027BC00}.Release|Any CPU.ActiveCfg = Release|Any CPU
		{B58CFF25-E379-4719-81A3-59905027BC00}.Release|Any CPU.Build.0 = Release|Any CPU
		{B5067622-7764-488C-AABE-FBE0D3BE9F65}.Debug|Any CPU.ActiveCfg = Debug|Any CPU
		{B5067622-7764-488C-AABE-FBE0D3BE9F65}.Debug|Any CPU.Build.0 = Debug|Any CPU
		{B5067622-7764-488C-AABE-FBE0D3BE9F65}.Release|Any CPU.ActiveCfg = Release|Any CPU
		{B5067622-7764-488C-AABE-FBE0D3BE9F65}.Release|Any CPU.Build.0 = Release|Any CPU
		{78BFE08B-7F0A-4A2E-8000-B75E6B97536E}.Debug|Any CPU.ActiveCfg = Debug|Any CPU
		{78BFE08B-7F0A-4A2E-8000-B75E6B97536E}.Debug|Any CPU.Build.0 = Debug|Any CPU
		{78BFE08B-7F0A-4A2E-8000-B75E6B97536E}.Release|Any CPU.ActiveCfg = Release|Any CPU
		{78BFE08B-7F0A-4A2E-8000-B75E6B97536E}.Release|Any CPU.Build.0 = Release|Any CPU
		{C0ACC865-5179-41F4-A517-044E2784A805}.Debug|Any CPU.ActiveCfg = Debug|Any CPU
		{C0ACC865-5179-41F4-A517-044E2784A805}.Debug|Any CPU.Build.0 = Debug|Any CPU
		{C0ACC865-5179-41F4-A517-044E2784A805}.Release|Any CPU.ActiveCfg = Release|Any CPU
		{C0ACC865-5179-41F4-A517-044E2784A805}.Release|Any CPU.Build.0 = Release|Any CPU
	EndGlobalSection
	GlobalSection(SolutionProperties) = preSolution
		HideSolutionNode = FALSE
	EndGlobalSection
EndGlobal
