
Microsoft Visual Studio Solution File, Format Version 12.00
# Visual Studio 2012
Project("{FAE04EC0-301F-11D3-BF4B-00C04F79EFBC}") = "MicrophoneNoFlagException", "MicrophoneNoFlagException\MicrophoneNoFlagException.csproj", "{E0026984-76C5-41CD-82CF-8A076E4F0360}"
EndProject
Project("{FAE04EC0-301F-11D3-BF4B-00C04F79EFBC}") = "Coding4Fun.Toolkit.Audio (WP8)", "..\..\source\Coding4Fun.Toolkit.Audio\Coding4Fun.Toolkit.Audio (WP8).csproj", "{345CE3E8-C2E1-4AA2-8164-7F1CC55A84EB}"
EndProject
Global
	GlobalSection(SolutionConfigurationPlatforms) = preSolution
		Debug|Any CPU = Debug|Any CPU
		Debug|ARM = Debug|ARM
		Debug|x86 = Debug|x86
		Release|Any CPU = Release|Any CPU
		Release|ARM = Release|ARM
		Release|x86 = Release|x86
	EndGlobalSection
	GlobalSection(ProjectConfigurationPlatforms) = postSolution
		{E0026984-76C5-41CD-82CF-8A076E4F0360}.Debug|Any CPU.ActiveCfg = Debug|Any CPU
		{E0026984-76C5-41CD-82CF-8A076E4F0360}.Debug|Any CPU.Build.0 = Debug|Any CPU
		{E0026984-76C5-41CD-82CF-8A076E4F0360}.Debug|Any CPU.Deploy.0 = Debug|Any CPU
		{E0026984-76C5-41CD-82CF-8A076E4F0360}.Debug|ARM.ActiveCfg = Debug|ARM
		{E0026984-76C5-41CD-82CF-8A076E4F0360}.Debug|ARM.Build.0 = Debug|ARM
		{E0026984-76C5-41CD-82CF-8A076E4F0360}.Debug|ARM.Deploy.0 = Debug|ARM
		{E0026984-76C5-41CD-82CF-8A076E4F0360}.Debug|x86.ActiveCfg = Debug|x86
		{E0026984-76C5-41CD-82CF-8A076E4F0360}.Debug|x86.Build.0 = Debug|x86
		{E0026984-76C5-41CD-82CF-8A076E4F0360}.Debug|x86.Deploy.0 = Debug|x86
		{E0026984-76C5-41CD-82CF-8A076E4F0360}.Release|Any CPU.ActiveCfg = Release|Any CPU
		{E0026984-76C5-41CD-82CF-8A076E4F0360}.Release|Any CPU.Build.0 = Release|Any CPU
		{E0026984-76C5-41CD-82CF-8A076E4F0360}.Release|Any CPU.Deploy.0 = Release|Any CPU
		{E0026984-76C5-41CD-82CF-8A076E4F0360}.Release|ARM.ActiveCfg = Release|ARM
		{E0026984-76C5-41CD-82CF-8A076E4F0360}.Release|ARM.Build.0 = Release|ARM
		{E0026984-76C5-41CD-82CF-8A076E4F0360}.Release|ARM.Deploy.0 = Release|ARM
		{E0026984-76C5-41CD-82CF-8A076E4F0360}.Release|x86.ActiveCfg = Release|x86
		{E0026984-76C5-41CD-82CF-8A076E4F0360}.Release|x86.Build.0 = Release|x86
		{E0026984-76C5-41CD-82CF-8A076E4F0360}.Release|x86.Deploy.0 = Release|x86
		{345CE3E8-C2E1-4AA2-8164-7F1CC55A84EB}.Debug|Any CPU.ActiveCfg = Debug|Any CPU
		{345CE3E8-C2E1-4AA2-8164-7F1CC55A84EB}.Debug|Any CPU.Build.0 = Debug|Any CPU
		{345CE3E8-C2E1-4AA2-8164-7F1CC55A84EB}.Debug|ARM.ActiveCfg = Debug|ARM
		{345CE3E8-C2E1-4AA2-8164-7F1CC55A84EB}.Debug|ARM.Build.0 = Debug|ARM
		{345CE3E8-C2E1-4AA2-8164-7F1CC55A84EB}.Debug|x86.ActiveCfg = Debug|x86
		{345CE3E8-C2E1-4AA2-8164-7F1CC55A84EB}.Debug|x86.Build.0 = Debug|x86
		{345CE3E8-C2E1-4AA2-8164-7F1CC55A84EB}.Release|Any CPU.ActiveCfg = Release|Any CPU
		{345CE3E8-C2E1-4AA2-8164-7F1CC55A84EB}.Release|Any CPU.Build.0 = Release|Any CPU
		{345CE3E8-C2E1-4AA2-8164-7F1CC55A84EB}.Release|ARM.ActiveCfg = Release|ARM
		{345CE3E8-C2E1-4AA2-8164-7F1CC55A84EB}.Release|ARM.Build.0 = Release|ARM
		{345CE3E8-C2E1-4AA2-8164-7F1CC55A84EB}.Release|x86.ActiveCfg = Release|x86
		{345CE3E8-C2E1-4AA2-8164-7F1CC55A84EB}.Release|x86.Build.0 = Release|x86
	EndGlobalSection
	GlobalSection(SolutionProperties) = preSolution
		HideSolutionNode = FALSE
	EndGlobalSection
EndGlobal
