
Microsoft Visual Studio Solution File, Format Version 12.00
# Visual Studio 2013
VisualStudioVersion = 12.0.30723.0
MinimumVisualStudioVersion = 10.0.40219.1
Project("{FAE04EC0-301F-11D3-BF4B-00C04F79EFBC}") = "Coding4Fun.Toolkit.Controls (WinPhone8.1)", "Coding4Fun.Toolkit.Controls.WinPhone81\Coding4Fun.Toolkit.Controls (WinPhone8.1).csproj", "{5E5224B5-61D3-4280-A9C2-8B5E422743C1}"
EndProject
Project("{FAE04EC0-301F-11D3-BF4B-00C04F79EFBC}") = "Coding4Fun.Toolkit.Test.WinPhone81", "Coding4Fun.Toolkit.Test.WinPhone81\Coding4Fun.Toolkit.Test.WinPhone81.csproj", "{0D7A6F84-A595-4F8D-ADC0-2D804C113193}"
EndProject
Project("{FAE04EC0-301F-11D3-BF4B-00C04F79EFBC}") = "Coding4Fun.Toolkit (Universal)", "Coding4Fun.Toolkit\Coding4Fun.Toolkit (Universal).csproj", "{F9A88602-BB65-4EA8-89B0-5F28D17ACCE1}"
EndProject
Project("{FAE04EC0-301F-11D3-BF4B-00C04F79EFBC}") = "Coding4Fun.Toolkit.Audio (Universal)", "Coding4Fun.Toolkit.Audio\Coding4Fun.Toolkit.Audio (Universal).csproj", "{F78F9EB4-0744-46D1-84FC-1FDB7B20714D}"
EndProject
Project("{FAE04EC0-301F-11D3-BF4B-00C04F79EFBC}") = "Coding4Fun.Toolkit.Net (Universal)", "Coding4Fun.Toolkit.Net\Coding4Fun.Toolkit.Net (Universal).csproj", "{F278C763-CBE4-4B2E-BAD0-DD5F2C2FAC2B}"
EndProject
Project("{FAE04EC0-301F-11D3-BF4B-00C04F79EFBC}") = "Coding4Fun.Toolkit.Storage (Universal)", "Coding4Fun.Toolkit.Storage\Coding4Fun.Toolkit.Storage (Universal).csproj", "{0A87FAEE-6318-4454-B7BF-BDCB5CE11783}"
EndProject
Global
	GlobalSection(SolutionConfigurationPlatforms) = preSolution
		Debug|Any CPU = Debug|Any CPU
		Debug|ARM = Debug|ARM
		Debug|x64 = Debug|x64
		Debug|x86 = Debug|x86
		Release|Any CPU = Release|Any CPU
		Release|ARM = Release|ARM
		Release|x64 = Release|x64
		Release|x86 = Release|x86
	EndGlobalSection
	GlobalSection(ProjectConfigurationPlatforms) = postSolution
		{5E5224B5-61D3-4280-A9C2-8B5E422743C1}.Debug|Any CPU.ActiveCfg = Debug|Any CPU
		{5E5224B5-61D3-4280-A9C2-8B5E422743C1}.Debug|Any CPU.Build.0 = Debug|Any CPU
		{5E5224B5-61D3-4280-A9C2-8B5E422743C1}.Debug|ARM.ActiveCfg = Debug|ARM
		{5E5224B5-61D3-4280-A9C2-8B5E422743C1}.Debug|ARM.Build.0 = Debug|ARM
		{5E5224B5-61D3-4280-A9C2-8B5E422743C1}.Debug|x64.ActiveCfg = Debug|Any CPU
		{5E5224B5-61D3-4280-A9C2-8B5E422743C1}.Debug|x86.ActiveCfg = Debug|x86
		{5E5224B5-61D3-4280-A9C2-8B5E422743C1}.Debug|x86.Build.0 = Debug|x86
		{5E5224B5-61D3-4280-A9C2-8B5E422743C1}.Release|Any CPU.ActiveCfg = Release|Any CPU
		{5E5224B5-61D3-4280-A9C2-8B5E422743C1}.Release|Any CPU.Build.0 = Release|Any CPU
		{5E5224B5-61D3-4280-A9C2-8B5E422743C1}.Release|ARM.ActiveCfg = Release|ARM
		{5E5224B5-61D3-4280-A9C2-8B5E422743C1}.Release|ARM.Build.0 = Release|ARM
		{5E5224B5-61D3-4280-A9C2-8B5E422743C1}.Release|x64.ActiveCfg = Release|Any CPU
		{5E5224B5-61D3-4280-A9C2-8B5E422743C1}.Release|x86.ActiveCfg = Release|x86
		{5E5224B5-61D3-4280-A9C2-8B5E422743C1}.Release|x86.Build.0 = Release|x86
		{0D7A6F84-A595-4F8D-ADC0-2D804C113193}.Debug|Any CPU.ActiveCfg = Debug|Any CPU
		{0D7A6F84-A595-4F8D-ADC0-2D804C113193}.Debug|Any CPU.Build.0 = Debug|Any CPU
		{0D7A6F84-A595-4F8D-ADC0-2D804C113193}.Debug|Any CPU.Deploy.0 = Debug|Any CPU
		{0D7A6F84-A595-4F8D-ADC0-2D804C113193}.Debug|ARM.ActiveCfg = Debug|ARM
		{0D7A6F84-A595-4F8D-ADC0-2D804C113193}.Debug|ARM.Build.0 = Debug|ARM
		{0D7A6F84-A595-4F8D-ADC0-2D804C113193}.Debug|ARM.Deploy.0 = Debug|ARM
		{0D7A6F84-A595-4F8D-ADC0-2D804C113193}.Debug|x64.ActiveCfg = Debug|Any CPU
		{0D7A6F84-A595-4F8D-ADC0-2D804C113193}.Debug|x86.ActiveCfg = Debug|x86
		{0D7A6F84-A595-4F8D-ADC0-2D804C113193}.Debug|x86.Build.0 = Debug|x86
		{0D7A6F84-A595-4F8D-ADC0-2D804C113193}.Debug|x86.Deploy.0 = Debug|x86
		{0D7A6F84-A595-4F8D-ADC0-2D804C113193}.Release|Any CPU.ActiveCfg = Release|Any CPU
		{0D7A6F84-A595-4F8D-ADC0-2D804C113193}.Release|Any CPU.Build.0 = Release|Any CPU
		{0D7A6F84-A595-4F8D-ADC0-2D804C113193}.Release|Any CPU.Deploy.0 = Release|Any CPU
		{0D7A6F84-A595-4F8D-ADC0-2D804C113193}.Release|ARM.ActiveCfg = Release|ARM
		{0D7A6F84-A595-4F8D-ADC0-2D804C113193}.Release|ARM.Build.0 = Release|ARM
		{0D7A6F84-A595-4F8D-ADC0-2D804C113193}.Release|ARM.Deploy.0 = Release|ARM
		{0D7A6F84-A595-4F8D-ADC0-2D804C113193}.Release|x64.ActiveCfg = Release|Any CPU
		{0D7A6F84-A595-4F8D-ADC0-2D804C113193}.Release|x86.ActiveCfg = Release|x86
		{0D7A6F84-A595-4F8D-ADC0-2D804C113193}.Release|x86.Build.0 = Release|x86
		{0D7A6F84-A595-4F8D-ADC0-2D804C113193}.Release|x86.Deploy.0 = Release|x86
		{F9A88602-BB65-4EA8-89B0-5F28D17ACCE1}.Debug|Any CPU.ActiveCfg = Debug|Any CPU
		{F9A88602-BB65-4EA8-89B0-5F28D17ACCE1}.Debug|Any CPU.Build.0 = Debug|Any CPU
		{F9A88602-BB65-4EA8-89B0-5F28D17ACCE1}.Debug|ARM.ActiveCfg = Debug|ARM
		{F9A88602-BB65-4EA8-89B0-5F28D17ACCE1}.Debug|ARM.Build.0 = Debug|ARM
		{F9A88602-BB65-4EA8-89B0-5F28D17ACCE1}.Debug|x64.ActiveCfg = Debug|x64
		{F9A88602-BB65-4EA8-89B0-5F28D17ACCE1}.Debug|x64.Build.0 = Debug|x64
		{F9A88602-BB65-4EA8-89B0-5F28D17ACCE1}.Debug|x86.ActiveCfg = Debug|x86
		{F9A88602-BB65-4EA8-89B0-5F28D17ACCE1}.Debug|x86.Build.0 = Debug|x86
		{F9A88602-BB65-4EA8-89B0-5F28D17ACCE1}.Release|Any CPU.ActiveCfg = Release|Any CPU
		{F9A88602-BB65-4EA8-89B0-5F28D17ACCE1}.Release|Any CPU.Build.0 = Release|Any CPU
		{F9A88602-BB65-4EA8-89B0-5F28D17ACCE1}.Release|ARM.ActiveCfg = Release|ARM
		{F9A88602-BB65-4EA8-89B0-5F28D17ACCE1}.Release|ARM.Build.0 = Release|ARM
		{F9A88602-BB65-4EA8-89B0-5F28D17ACCE1}.Release|x64.ActiveCfg = Release|x64
		{F9A88602-BB65-4EA8-89B0-5F28D17ACCE1}.Release|x64.Build.0 = Release|x64
		{F9A88602-BB65-4EA8-89B0-5F28D17ACCE1}.Release|x86.ActiveCfg = Release|x86
		{F9A88602-BB65-4EA8-89B0-5F28D17ACCE1}.Release|x86.Build.0 = Release|x86
		{F78F9EB4-0744-46D1-84FC-1FDB7B20714D}.Debug|Any CPU.ActiveCfg = Debug|Any CPU
		{F78F9EB4-0744-46D1-84FC-1FDB7B20714D}.Debug|Any CPU.Build.0 = Debug|Any CPU
		{F78F9EB4-0744-46D1-84FC-1FDB7B20714D}.Debug|ARM.ActiveCfg = Debug|ARM
		{F78F9EB4-0744-46D1-84FC-1FDB7B20714D}.Debug|ARM.Build.0 = Debug|ARM
		{F78F9EB4-0744-46D1-84FC-1FDB7B20714D}.Debug|x64.ActiveCfg = Debug|x64
		{F78F9EB4-0744-46D1-84FC-1FDB7B20714D}.Debug|x64.Build.0 = Debug|x64
		{F78F9EB4-0744-46D1-84FC-1FDB7B20714D}.Debug|x86.ActiveCfg = Debug|x86
		{F78F9EB4-0744-46D1-84FC-1FDB7B20714D}.Debug|x86.Build.0 = Debug|x86
		{F78F9EB4-0744-46D1-84FC-1FDB7B20714D}.Release|Any CPU.ActiveCfg = Release|Any CPU
		{F78F9EB4-0744-46D1-84FC-1FDB7B20714D}.Release|Any CPU.Build.0 = Release|Any CPU
		{F78F9EB4-0744-46D1-84FC-1FDB7B20714D}.Release|ARM.ActiveCfg = Release|ARM
		{F78F9EB4-0744-46D1-84FC-1FDB7B20714D}.Release|ARM.Build.0 = Release|ARM
		{F78F9EB4-0744-46D1-84FC-1FDB7B20714D}.Release|x64.ActiveCfg = Release|x64
		{F78F9EB4-0744-46D1-84FC-1FDB7B20714D}.Release|x64.Build.0 = Release|x64
		{F78F9EB4-0744-46D1-84FC-1FDB7B20714D}.Release|x86.ActiveCfg = Release|x86
		{F78F9EB4-0744-46D1-84FC-1FDB7B20714D}.Release|x86.Build.0 = Release|x86
		{F278C763-CBE4-4B2E-BAD0-DD5F2C2FAC2B}.Debug|Any CPU.ActiveCfg = Debug|Any CPU
		{F278C763-CBE4-4B2E-BAD0-DD5F2C2FAC2B}.Debug|Any CPU.Build.0 = Debug|Any CPU
		{F278C763-CBE4-4B2E-BAD0-DD5F2C2FAC2B}.Debug|ARM.ActiveCfg = Debug|ARM
		{F278C763-CBE4-4B2E-BAD0-DD5F2C2FAC2B}.Debug|ARM.Build.0 = Debug|ARM
		{F278C763-CBE4-4B2E-BAD0-DD5F2C2FAC2B}.Debug|x64.ActiveCfg = Debug|x64
		{F278C763-CBE4-4B2E-BAD0-DD5F2C2FAC2B}.Debug|x64.Build.0 = Debug|x64
		{F278C763-CBE4-4B2E-BAD0-DD5F2C2FAC2B}.Debug|x86.ActiveCfg = Debug|x86
		{F278C763-CBE4-4B2E-BAD0-DD5F2C2FAC2B}.Debug|x86.Build.0 = Debug|x86
		{F278C763-CBE4-4B2E-BAD0-DD5F2C2FAC2B}.Release|Any CPU.ActiveCfg = Release|Any CPU
		{F278C763-CBE4-4B2E-BAD0-DD5F2C2FAC2B}.Release|Any CPU.Build.0 = Release|Any CPU
		{F278C763-CBE4-4B2E-BAD0-DD5F2C2FAC2B}.Release|ARM.ActiveCfg = Release|ARM
		{F278C763-CBE4-4B2E-BAD0-DD5F2C2FAC2B}.Release|ARM.Build.0 = Release|ARM
		{F278C763-CBE4-4B2E-BAD0-DD5F2C2FAC2B}.Release|x64.ActiveCfg = Release|x64
		{F278C763-CBE4-4B2E-BAD0-DD5F2C2FAC2B}.Release|x64.Build.0 = Release|x64
		{F278C763-CBE4-4B2E-BAD0-DD5F2C2FAC2B}.Release|x86.ActiveCfg = Release|x86
		{F278C763-CBE4-4B2E-BAD0-DD5F2C2FAC2B}.Release|x86.Build.0 = Release|x86
		{0A87FAEE-6318-4454-B7BF-BDCB5CE11783}.Debug|Any CPU.ActiveCfg = Debug|Any CPU
		{0A87FAEE-6318-4454-B7BF-BDCB5CE11783}.Debug|Any CPU.Build.0 = Debug|Any CPU
		{0A87FAEE-6318-4454-B7BF-BDCB5CE11783}.Debug|ARM.ActiveCfg = Debug|ARM
		{0A87FAEE-6318-4454-B7BF-BDCB5CE11783}.Debug|ARM.Build.0 = Debug|ARM
		{0A87FAEE-6318-4454-B7BF-BDCB5CE11783}.Debug|x64.ActiveCfg = Debug|x64
		{0A87FAEE-6318-4454-B7BF-BDCB5CE11783}.Debug|x64.Build.0 = Debug|x64
		{0A87FAEE-6318-4454-B7BF-BDCB5CE11783}.Debug|x86.ActiveCfg = Debug|x86
		{0A87FAEE-6318-4454-B7BF-BDCB5CE11783}.Debug|x86.Build.0 = Debug|x86
		{0A87FAEE-6318-4454-B7BF-BDCB5CE11783}.Release|Any CPU.ActiveCfg = Release|Any CPU
		{0A87FAEE-6318-4454-B7BF-BDCB5CE11783}.Release|Any CPU.Build.0 = Release|Any CPU
		{0A87FAEE-6318-4454-B7BF-BDCB5CE11783}.Release|ARM.ActiveCfg = Release|ARM
		{0A87FAEE-6318-4454-B7BF-BDCB5CE11783}.Release|ARM.Build.0 = Release|ARM
		{0A87FAEE-6318-4454-B7BF-BDCB5CE11783}.Release|x64.ActiveCfg = Release|x64
		{0A87FAEE-6318-4454-B7BF-BDCB5CE11783}.Release|x64.Build.0 = Release|x64
		{0A87FAEE-6318-4454-B7BF-BDCB5CE11783}.Release|x86.ActiveCfg = Release|x86
		{0A87FAEE-6318-4454-B7BF-BDCB5CE11783}.Release|x86.Build.0 = Release|x86
	EndGlobalSection
	GlobalSection(SolutionProperties) = preSolution
		HideSolutionNode = FALSE
	EndGlobalSection
EndGlobal
