
Microsoft Visual Studio Solution File, Format Version 12.00
# Visual Studio 2013
VisualStudioVersion = 12.0.30723.0
MinimumVisualStudioVersion = 10.0.40219.1
Project("{FAE04EC0-301F-11D3-BF4B-00C04F79EFBC}") = "Coding4Fun.Toolkit.Audio", "Coding4Fun.Toolkit.Audio\Coding4Fun.Toolkit.Audio.csproj", "{F78F9EB4-0744-46D1-84FC-1FDB7B20714D}"
EndProject
Project("{FAE04EC0-301F-11D3-BF4B-00C04F79EFBC}") = "Coding4Fun.Toolkit.Audio (WP8)", "Coding4Fun.Toolkit.Audio\Coding4Fun.Toolkit.Audio (WP8).csproj", "{345CE3E8-C2E1-4AA2-8164-7F1CC55A84EB}"
EndProject
Project("{FAE04EC0-301F-11D3-BF4B-00C04F79EFBC}") = "Coding4Fun.Toolkit.Net (WP8)", "Coding4Fun.Toolkit.Net\Coding4Fun.Toolkit.Net (WP8).csproj", "{CE6F298B-1D76-4FA4-9597-633F15D1E650}"
EndProject
Project("{FAE04EC0-301F-11D3-BF4B-00C04F79EFBC}") = "Coding4Fun.Toolkit.Net", "Coding4Fun.Toolkit.Net\Coding4Fun.Toolkit.Net.csproj", "{F278C763-CBE4-4B2E-BAD0-DD5F2C2FAC2B}"
EndProject
Project("{FAE04EC0-301F-11D3-BF4B-00C04F79EFBC}") = "Coding4Fun.Toolkit.Storage", "Coding4Fun.Toolkit.Storage\Coding4Fun.Toolkit.Storage.csproj", "{0A87FAEE-6318-4454-B7BF-BDCB5CE11783}"
EndProject
Project("{FAE04EC0-301F-11D3-BF4B-00C04F79EFBC}") = "Coding4Fun.Toolkit.Storage (WP8)", "Coding4Fun.Toolkit.Storage\Coding4Fun.Toolkit.Storage (WP8).csproj", "{FC02883C-6CEB-4FC7-AC7F-D505B10510EB}"
EndProject
Project("{FAE04EC0-301F-11D3-BF4B-00C04F79EFBC}") = "Coding4Fun.Toolkit.Test.WindowsPhone8", "Coding4Fun.Toolkit.Test.WindowsPhone8\Coding4Fun.Toolkit.Test.WindowsPhone8.csproj", "{E567454A-0914-4C62-A41B-D997146B9286}"
EndProject
Project("{FAE04EC0-301F-11D3-BF4B-00C04F79EFBC}") = "Coding4Fun.Toolkit.Test.WindowsStore", "Coding4Fun.Toolkit.Test.WindowsStore\Coding4Fun.Toolkit.Test.WindowsStore.csproj", "{82EBD7F2-B58D-4D89-922D-C9D93F489411}"
EndProject
Project("{2150E333-8FDC-42A3-9474-1A3956D46DE8}") = "Themes", "Themes", "{E4DF098E-A2DF-44D2-9844-F56D5A90C633}"
EndProject
Project("{FAE04EC0-301F-11D3-BF4B-00C04F79EFBC}") = "Coding4Fun.Toolkit.Controls", "Coding4Fun.Toolkit.Controls.WindowsStore\Coding4Fun.Toolkit.Controls.csproj", "{F0A56304-E80F-4270-85AA-ABC02C8D413F}"
EndProject
Project("{FAE04EC0-301F-11D3-BF4B-00C04F79EFBC}") = "Coding4Fun.Toolkit.Controls (WP8)", "Coding4Fun.Toolkit.Controls.WindowsPhone8\Coding4Fun.Toolkit.Controls (WP8).csproj", "{FCBCFD20-01F1-49A8-95F0-4BCA008E4621}"
EndProject
Project("{2150E333-8FDC-42A3-9474-1A3956D46DE8}") = "Buttons", "Buttons", "{9A8C90FF-6378-4D4F-ABE6-E14A23ACA9C9}"
	ProjectSection(SolutionItems) = preProject
		Coding4Fun.Toolkit.Controls.Themes\Buttons\ImageTile.xaml = Coding4Fun.Toolkit.Controls.Themes\Buttons\ImageTile.xaml
		Coding4Fun.Toolkit.Controls.Themes\Buttons\OpacityToggleButton.xaml = Coding4Fun.Toolkit.Controls.Themes\Buttons\OpacityToggleButton.xaml
		Coding4Fun.Toolkit.Controls.Themes\Buttons\RoundButton.xaml = Coding4Fun.Toolkit.Controls.Themes\Buttons\RoundButton.xaml
		Coding4Fun.Toolkit.Controls.Themes\Buttons\RoundToggleButton.xaml = Coding4Fun.Toolkit.Controls.Themes\Buttons\RoundToggleButton.xaml
		Coding4Fun.Toolkit.Controls.Themes\Buttons\Tile.xaml = Coding4Fun.Toolkit.Controls.Themes\Buttons\Tile.xaml
		Coding4Fun.Toolkit.Controls.Themes\Buttons\TileNotification (Windows Phone).xaml = Coding4Fun.Toolkit.Controls.Themes\Buttons\TileNotification (Windows Phone).xaml
		Coding4Fun.Toolkit.Controls.Themes\Buttons\TileNotification (Windows Store).xaml = Coding4Fun.Toolkit.Controls.Themes\Buttons\TileNotification (Windows Store).xaml
	EndProjectSection
EndProject
Project("{2150E333-8FDC-42A3-9474-1A3956D46DE8}") = "Common", "Common", "{C93E2547-69B4-4C46-9216-30F3F9D859AA}"
	ProjectSection(SolutionItems) = preProject
		Coding4Fun.Toolkit.Controls.Themes\Common\CommonStyles (Windows Phone).xaml = Coding4Fun.Toolkit.Controls.Themes\Common\CommonStyles (Windows Phone).xaml
		Coding4Fun.Toolkit.Controls.Themes\Common\CommonStyles (Windows Store).xaml = Coding4Fun.Toolkit.Controls.Themes\Common\CommonStyles (Windows Store).xaml
	EndProjectSection
EndProject
Project("{2150E333-8FDC-42A3-9474-1A3956D46DE8}") = "Colors", "Colors", "{32C332E7-E102-446D-80C3-DF508FF5290C}"
	ProjectSection(SolutionItems) = preProject
		Coding4Fun.Toolkit.Controls.Themes\Colors\ColorHexagonPicker.xaml = Coding4Fun.Toolkit.Controls.Themes\Colors\ColorHexagonPicker.xaml
		Coding4Fun.Toolkit.Controls.Themes\Colors\ColorPicker (Windows Phone).xaml = Coding4Fun.Toolkit.Controls.Themes\Colors\ColorPicker (Windows Phone).xaml
		Coding4Fun.Toolkit.Controls.Themes\Colors\ColorSlider (Windows Phone).xaml = Coding4Fun.Toolkit.Controls.Themes\Colors\ColorSlider (Windows Phone).xaml
	EndProjectSection
EndProject
Project("{2150E333-8FDC-42A3-9474-1A3956D46DE8}") = "ChatBubble", "ChatBubble", "{8358140C-E6AD-453E-86C0-348A89A6B786}"
	ProjectSection(SolutionItems) = preProject
		Coding4Fun.Toolkit.Controls.Themes\ChatBubble\ChatBubble.xaml = Coding4Fun.Toolkit.Controls.Themes\ChatBubble\ChatBubble.xaml
		Coding4Fun.Toolkit.Controls.Themes\ChatBubble\ChatBubbleTextBox (Windows Phone).xaml = Coding4Fun.Toolkit.Controls.Themes\ChatBubble\ChatBubbleTextBox (Windows Phone).xaml
		Coding4Fun.Toolkit.Controls.Themes\ChatBubble\ChatBubbleTextBox (Windows Store).xaml = Coding4Fun.Toolkit.Controls.Themes\ChatBubble\ChatBubbleTextBox (Windows Store).xaml
	EndProjectSection
EndProject
Project("{2150E333-8FDC-42A3-9474-1A3956D46DE8}") = "Diagnostic", "Diagnostic", "{A7856CB0-5DBA-4EED-AA81-2C2AC6CE44D5}"
	ProjectSection(SolutionItems) = preProject
		Coding4Fun.Toolkit.Controls.Themes\Diagnostic\MemoryCounter (Windows Phone).xaml = Coding4Fun.Toolkit.Controls.Themes\Diagnostic\MemoryCounter (Windows Phone).xaml
	EndProjectSection
EndProject
Project("{2150E333-8FDC-42A3-9474-1A3956D46DE8}") = "MetroFlow", "MetroFlow", "{4E298059-9BAD-4CE1-A2CD-B55F1BA9797C}"
	ProjectSection(SolutionItems) = preProject
		Coding4Fun.Toolkit.Controls.Themes\MetroFlow\MetroFlow (Windows Phone).xaml = Coding4Fun.Toolkit.Controls.Themes\MetroFlow\MetroFlow (Windows Phone).xaml
	EndProjectSection
EndProject
Project("{2150E333-8FDC-42A3-9474-1A3956D46DE8}") = "Other", "Other", "{91B366BD-B0BB-495C-96A5-FF5AC1668FAA}"
	ProjectSection(SolutionItems) = preProject
		Coding4Fun.Toolkit.Controls.Themes\Other\LockScreenPreview (Windows Phone 8).xaml = Coding4Fun.Toolkit.Controls.Themes\Other\LockScreenPreview (Windows Phone 8).xaml
		Coding4Fun.Toolkit.Controls.Themes\Other\LockScreenPreview (Windows Store).xaml = Coding4Fun.Toolkit.Controls.Themes\Other\LockScreenPreview (Windows Store).xaml
		Coding4Fun.Toolkit.Controls.Themes\Other\ProgressOverlay (Windows Phone).xaml = Coding4Fun.Toolkit.Controls.Themes\Other\ProgressOverlay (Windows Phone).xaml
		Coding4Fun.Toolkit.Controls.Themes\Other\SuperImage.xaml = Coding4Fun.Toolkit.Controls.Themes\Other\SuperImage.xaml
		Coding4Fun.Toolkit.Controls.Themes\Other\SuperSlider (Windows Phone).xaml = Coding4Fun.Toolkit.Controls.Themes\Other\SuperSlider (Windows Phone).xaml
	EndProjectSection
EndProject
Project("{2150E333-8FDC-42A3-9474-1A3956D46DE8}") = "ValuePicker", "ValuePicker", "{EA183D62-0C6F-4C0D-B69C-55C53D026044}"
	ProjectSection(SolutionItems) = preProject
		Coding4Fun.Toolkit.Controls.Themes\ValuePicker\LoopingSelector (Windows Phone).xaml = Coding4Fun.Toolkit.Controls.Themes\ValuePicker\LoopingSelector (Windows Phone).xaml
		Coding4Fun.Toolkit.Controls.Themes\ValuePicker\LoopingSelectorItem (Windows Phone).xaml = Coding4Fun.Toolkit.Controls.Themes\ValuePicker\LoopingSelectorItem (Windows Phone).xaml
		Coding4Fun.Toolkit.Controls.Themes\ValuePicker\TimeSpanPicker (Windows Phone).xaml = Coding4Fun.Toolkit.Controls.Themes\ValuePicker\TimeSpanPicker (Windows Phone).xaml
	EndProjectSection
EndProject
Project("{2150E333-8FDC-42A3-9474-1A3956D46DE8}") = "Prompts", "Prompts", "{38DF6BD6-FA70-4B35-A9D3-2DBD0AF49FC1}"
	ProjectSection(SolutionItems) = preProject
		Coding4Fun.Toolkit.Controls.Themes\Prompts\AboutPrompt (Windows Phone).xaml = Coding4Fun.Toolkit.Controls.Themes\Prompts\AboutPrompt (Windows Phone).xaml
		Coding4Fun.Toolkit.Controls.Themes\Prompts\AboutPromptItem (Windows Phone).xaml = Coding4Fun.Toolkit.Controls.Themes\Prompts\AboutPromptItem (Windows Phone).xaml
		Coding4Fun.Toolkit.Controls.Themes\Prompts\AppBarPrompt (Windows Phone).xaml = Coding4Fun.Toolkit.Controls.Themes\Prompts\AppBarPrompt (Windows Phone).xaml
		Coding4Fun.Toolkit.Controls.Themes\Prompts\AppBarPromptItem (Windows Phone).xaml = Coding4Fun.Toolkit.Controls.Themes\Prompts\AppBarPromptItem (Windows Phone).xaml
		Coding4Fun.Toolkit.Controls.Themes\Prompts\InputPrompt (Windows Phone).xaml = Coding4Fun.Toolkit.Controls.Themes\Prompts\InputPrompt (Windows Phone).xaml
		Coding4Fun.Toolkit.Controls.Themes\Prompts\MessagePrompt (Windows Phone).xaml = Coding4Fun.Toolkit.Controls.Themes\Prompts\MessagePrompt (Windows Phone).xaml
		Coding4Fun.Toolkit.Controls.Themes\Prompts\PasswordInputPrompt (Windows Phone).xaml = Coding4Fun.Toolkit.Controls.Themes\Prompts\PasswordInputPrompt (Windows Phone).xaml
		Coding4Fun.Toolkit.Controls.Themes\Prompts\ToastPrompt (Windows Phone).xaml = Coding4Fun.Toolkit.Controls.Themes\Prompts\ToastPrompt (Windows Phone).xaml
	EndProjectSection
EndProject
Project("{2150E333-8FDC-42A3-9474-1A3956D46DE8}") = "Nuget", "Nuget", "{AF853D38-6DF6-43B9-AC4F-02F9286AE675}"
	ProjectSection(SolutionItems) = preProject
		..\nuget\Coding4Fun.Toolkit.Audio.nuspec = ..\nuget\Coding4Fun.Toolkit.Audio.nuspec
		..\nuget\Coding4Fun.Toolkit.Complete.nuspec = ..\nuget\Coding4Fun.Toolkit.Complete.nuspec
		..\nuget\Coding4Fun.Toolkit.Controls.nuspec = ..\nuget\Coding4Fun.Toolkit.Controls.nuspec
		..\nuget\Coding4Fun.Toolkit.Net.nuspec = ..\nuget\Coding4Fun.Toolkit.Net.nuspec
		..\nuget\Coding4Fun.Toolkit.Storage.nuspec = ..\nuget\Coding4Fun.Toolkit.Storage.nuspec
	EndProjectSection
EndProject
Project("{FAE04EC0-301F-11D3-BF4B-00C04F79EFBC}") = "Coding4Fun.Toolkit (WP8)", "Coding4Fun.Toolkit\Coding4Fun.Toolkit (WP8).csproj", "{30967A51-30AC-48B9-B4AA-06290ECB2F23}"
EndProject
Project("{FAE04EC0-301F-11D3-BF4B-00C04F79EFBC}") = "Coding4Fun.Toolkit", "Coding4Fun.Toolkit\Coding4Fun.Toolkit.csproj", "{F9A88602-BB65-4EA8-89B0-5F28D17ACCE1}"
EndProject
Project("{FAE04EC0-301F-11D3-BF4B-00C04F79EFBC}") = "Coding4Fun.Toolkit (Universal)", "Coding4Fun.Toolkit\Coding4Fun.Toolkit (Universal).csproj", "{260C066D-2DB6-4AC1-B69B-138C8C5CE4A8}"
EndProject
Project("{FAE04EC0-301F-11D3-BF4B-00C04F79EFBC}") = "Coding4Fun.Toolkit.Audio (Universal)", "Coding4Fun.Toolkit.Audio\Coding4Fun.Toolkit.Audio (Universal).csproj", "{469B5CA4-25E4-443A-8D52-44B230390ED9}"
EndProject
Project("{FAE04EC0-301F-11D3-BF4B-00C04F79EFBC}") = "Coding4Fun.Toolkit.Net (Universal)", "Coding4Fun.Toolkit.Net\Coding4Fun.Toolkit.Net (Universal).csproj", "{A728B8BE-E5A7-4489-80A4-82FB61E678CC}"
EndProject
Project("{FAE04EC0-301F-11D3-BF4B-00C04F79EFBC}") = "Coding4Fun.Toolkit.Storage (Universal)", "Coding4Fun.Toolkit.Storage\Coding4Fun.Toolkit.Storage (Universal).csproj", "{8BCEEB9D-DFF6-40FA-9F03-A062D8AF4F37}"
EndProject
Project("{FAE04EC0-301F-11D3-BF4B-00C04F79EFBC}") = "Coding4Fun.Toolkit.Controls (Win8.1)", "Coding4Fun.Toolkit.Controls.WindowsStore\Coding4Fun.Toolkit.Controls (Win8.1).csproj", "{E0296E2D-7B06-432C-9AED-1AA8AC7CF2E7}"
EndProject
Project("{FAE04EC0-301F-11D3-BF4B-00C04F79EFBC}") = "Coding4Fun.Toolkit.Controls (WinPhone8.1)", "Coding4Fun.Toolkit.Controls.WinPhone81\Coding4Fun.Toolkit.Controls (WinPhone8.1).csproj", "{5E5224B5-61D3-4280-A9C2-8B5E422743C1}"
EndProject
Project("{FAE04EC0-301F-11D3-BF4B-00C04F79EFBC}") = "Coding4Fun.Toolkit.Test.WindowsStore (Win8.1)", "Coding4Fun.Toolkit.Test.WindowsStore\Coding4Fun.Toolkit.Test.WindowsStore (Win8.1).csproj", "{E074438A-B51D-421B-9D36-082027B56B26}"
EndProject
Project("{FAE04EC0-301F-11D3-BF4B-00C04F79EFBC}") = "Coding4Fun.Toolkit.Test.WinPhone81", "Coding4Fun.Toolkit.Test.WinPhone81\Coding4Fun.Toolkit.Test.WinPhone81.csproj", "{0D7A6F84-A595-4F8D-ADC0-2D804C113193}"
EndProject
Global
	GlobalSection(SolutionConfigurationPlatforms) = preSolution
		Debug|Any CPU = Debug|Any CPU
		Debug|ARM = Debug|ARM
		Debug|x64 = Debug|x64
		Debug|x86 = Debug|x86
		Release|Any CPU = Release|Any CPU
		Release|ARM = Release|ARM
		Release|x64 = Release|x64
		Release|x86 = Release|x86
	EndGlobalSection
	GlobalSection(ProjectConfigurationPlatforms) = postSolution
		{F78F9EB4-0744-46D1-84FC-1FDB7B20714D}.Debug|Any CPU.ActiveCfg = Debug|Any CPU
		{F78F9EB4-0744-46D1-84FC-1FDB7B20714D}.Debug|Any CPU.Build.0 = Debug|Any CPU
		{F78F9EB4-0744-46D1-84FC-1FDB7B20714D}.Debug|ARM.ActiveCfg = Debug|ARM
		{F78F9EB4-0744-46D1-84FC-1FDB7B20714D}.Debug|ARM.Build.0 = Debug|ARM
		{F78F9EB4-0744-46D1-84FC-1FDB7B20714D}.Debug|x64.ActiveCfg = Debug|x64
		{F78F9EB4-0744-46D1-84FC-1FDB7B20714D}.Debug|x64.Build.0 = Debug|x64
		{F78F9EB4-0744-46D1-84FC-1FDB7B20714D}.Debug|x86.ActiveCfg = Debug|x86
		{F78F9EB4-0744-46D1-84FC-1FDB7B20714D}.Debug|x86.Build.0 = Debug|x86
		{F78F9EB4-0744-46D1-84FC-1FDB7B20714D}.Release|Any CPU.ActiveCfg = Release|Any CPU
		{F78F9EB4-0744-46D1-84FC-1FDB7B20714D}.Release|Any CPU.Build.0 = Release|Any CPU
		{F78F9EB4-0744-46D1-84FC-1FDB7B20714D}.Release|ARM.ActiveCfg = Release|ARM
		{F78F9EB4-0744-46D1-84FC-1FDB7B20714D}.Release|ARM.Build.0 = Release|ARM
		{F78F9EB4-0744-46D1-84FC-1FDB7B20714D}.Release|x64.ActiveCfg = Release|x64
		{F78F9EB4-0744-46D1-84FC-1FDB7B20714D}.Release|x64.Build.0 = Release|x64
		{F78F9EB4-0744-46D1-84FC-1FDB7B20714D}.Release|x86.ActiveCfg = Release|x86
		{F78F9EB4-0744-46D1-84FC-1FDB7B20714D}.Release|x86.Build.0 = Release|x86
		{345CE3E8-C2E1-4AA2-8164-7F1CC55A84EB}.Debug|Any CPU.ActiveCfg = Debug|Any CPU
		{345CE3E8-C2E1-4AA2-8164-7F1CC55A84EB}.Debug|Any CPU.Build.0 = Debug|Any CPU
		{345CE3E8-C2E1-4AA2-8164-7F1CC55A84EB}.Debug|ARM.ActiveCfg = Debug|ARM
		{345CE3E8-C2E1-4AA2-8164-7F1CC55A84EB}.Debug|ARM.Build.0 = Debug|ARM
		{345CE3E8-C2E1-4AA2-8164-7F1CC55A84EB}.Debug|x64.ActiveCfg = Debug|Any CPU
		{345CE3E8-C2E1-4AA2-8164-7F1CC55A84EB}.Debug|x86.ActiveCfg = Debug|x86
		{345CE3E8-C2E1-4AA2-8164-7F1CC55A84EB}.Debug|x86.Build.0 = Debug|x86
		{345CE3E8-C2E1-4AA2-8164-7F1CC55A84EB}.Release|Any CPU.ActiveCfg = Release|Any CPU
		{345CE3E8-C2E1-4AA2-8164-7F1CC55A84EB}.Release|Any CPU.Build.0 = Release|Any CPU
		{345CE3E8-C2E1-4AA2-8164-7F1CC55A84EB}.Release|ARM.ActiveCfg = Release|ARM
		{345CE3E8-C2E1-4AA2-8164-7F1CC55A84EB}.Release|ARM.Build.0 = Release|ARM
		{345CE3E8-C2E1-4AA2-8164-7F1CC55A84EB}.Release|x64.ActiveCfg = Release|Any CPU
		{345CE3E8-C2E1-4AA2-8164-7F1CC55A84EB}.Release|x86.ActiveCfg = Release|x86
		{345CE3E8-C2E1-4AA2-8164-7F1CC55A84EB}.Release|x86.Build.0 = Release|x86
		{CE6F298B-1D76-4FA4-9597-633F15D1E650}.Debug|Any CPU.ActiveCfg = Debug|Any CPU
		{CE6F298B-1D76-4FA4-9597-633F15D1E650}.Debug|Any CPU.Build.0 = Debug|Any CPU
		{CE6F298B-1D76-4FA4-9597-633F15D1E650}.Debug|ARM.ActiveCfg = Debug|ARM
		{CE6F298B-1D76-4FA4-9597-633F15D1E650}.Debug|ARM.Build.0 = Debug|ARM
		{CE6F298B-1D76-4FA4-9597-633F15D1E650}.Debug|x64.ActiveCfg = Debug|Any CPU
		{CE6F298B-1D76-4FA4-9597-633F15D1E650}.Debug|x86.ActiveCfg = Debug|x86
		{CE6F298B-1D76-4FA4-9597-633F15D1E650}.Debug|x86.Build.0 = Debug|x86
		{CE6F298B-1D76-4FA4-9597-633F15D1E650}.Release|Any CPU.ActiveCfg = Release|Any CPU
		{CE6F298B-1D76-4FA4-9597-633F15D1E650}.Release|Any CPU.Build.0 = Release|Any CPU
		{CE6F298B-1D76-4FA4-9597-633F15D1E650}.Release|ARM.ActiveCfg = Release|ARM
		{CE6F298B-1D76-4FA4-9597-633F15D1E650}.Release|ARM.Build.0 = Release|ARM
		{CE6F298B-1D76-4FA4-9597-633F15D1E650}.Release|x64.ActiveCfg = Release|Any CPU
		{CE6F298B-1D76-4FA4-9597-633F15D1E650}.Release|x86.ActiveCfg = Release|x86
		{CE6F298B-1D76-4FA4-9597-633F15D1E650}.Release|x86.Build.0 = Release|x86
		{F278C763-CBE4-4B2E-BAD0-DD5F2C2FAC2B}.Debug|Any CPU.ActiveCfg = Debug|Any CPU
		{F278C763-CBE4-4B2E-BAD0-DD5F2C2FAC2B}.Debug|Any CPU.Build.0 = Debug|Any CPU
		{F278C763-CBE4-4B2E-BAD0-DD5F2C2FAC2B}.Debug|ARM.ActiveCfg = Debug|ARM
		{F278C763-CBE4-4B2E-BAD0-DD5F2C2FAC2B}.Debug|ARM.Build.0 = Debug|ARM
		{F278C763-CBE4-4B2E-BAD0-DD5F2C2FAC2B}.Debug|x64.ActiveCfg = Debug|x64
		{F278C763-CBE4-4B2E-BAD0-DD5F2C2FAC2B}.Debug|x64.Build.0 = Debug|x64
		{F278C763-CBE4-4B2E-BAD0-DD5F2C2FAC2B}.Debug|x86.ActiveCfg = Debug|x86
		{F278C763-CBE4-4B2E-BAD0-DD5F2C2FAC2B}.Debug|x86.Build.0 = Debug|x86
		{F278C763-CBE4-4B2E-BAD0-DD5F2C2FAC2B}.Release|Any CPU.ActiveCfg = Release|Any CPU
		{F278C763-CBE4-4B2E-BAD0-DD5F2C2FAC2B}.Release|Any CPU.Build.0 = Release|Any CPU
		{F278C763-CBE4-4B2E-BAD0-DD5F2C2FAC2B}.Release|ARM.ActiveCfg = Release|ARM
		{F278C763-CBE4-4B2E-BAD0-DD5F2C2FAC2B}.Release|ARM.Build.0 = Release|ARM
		{F278C763-CBE4-4B2E-BAD0-DD5F2C2FAC2B}.Release|x64.ActiveCfg = Release|x64
		{F278C763-CBE4-4B2E-BAD0-DD5F2C2FAC2B}.Release|x64.Build.0 = Release|x64
		{F278C763-CBE4-4B2E-BAD0-DD5F2C2FAC2B}.Release|x86.ActiveCfg = Release|x86
		{F278C763-CBE4-4B2E-BAD0-DD5F2C2FAC2B}.Release|x86.Build.0 = Release|x86
		{0A87FAEE-6318-4454-B7BF-BDCB5CE11783}.Debug|Any CPU.ActiveCfg = Debug|Any CPU
		{0A87FAEE-6318-4454-B7BF-BDCB5CE11783}.Debug|Any CPU.Build.0 = Debug|Any CPU
		{0A87FAEE-6318-4454-B7BF-BDCB5CE11783}.Debug|ARM.ActiveCfg = Debug|ARM
		{0A87FAEE-6318-4454-B7BF-BDCB5CE11783}.Debug|ARM.Build.0 = Debug|ARM
		{0A87FAEE-6318-4454-B7BF-BDCB5CE11783}.Debug|x64.ActiveCfg = Debug|x64
		{0A87FAEE-6318-4454-B7BF-BDCB5CE11783}.Debug|x64.Build.0 = Debug|x64
		{0A87FAEE-6318-4454-B7BF-BDCB5CE11783}.Debug|x86.ActiveCfg = Debug|x86
		{0A87FAEE-6318-4454-B7BF-BDCB5CE11783}.Debug|x86.Build.0 = Debug|x86
		{0A87FAEE-6318-4454-B7BF-BDCB5CE11783}.Release|Any CPU.ActiveCfg = Release|Any CPU
		{0A87FAEE-6318-4454-B7BF-BDCB5CE11783}.Release|Any CPU.Build.0 = Release|Any CPU
		{0A87FAEE-6318-4454-B7BF-BDCB5CE11783}.Release|ARM.ActiveCfg = Release|ARM
		{0A87FAEE-6318-4454-B7BF-BDCB5CE11783}.Release|ARM.Build.0 = Release|ARM
		{0A87FAEE-6318-4454-B7BF-BDCB5CE11783}.Release|x64.ActiveCfg = Release|x64
		{0A87FAEE-6318-4454-B7BF-BDCB5CE11783}.Release|x64.Build.0 = Release|x64
		{0A87FAEE-6318-4454-B7BF-BDCB5CE11783}.Release|x86.ActiveCfg = Release|x86
		{0A87FAEE-6318-4454-B7BF-BDCB5CE11783}.Release|x86.Build.0 = Release|x86
		{FC02883C-6CEB-4FC7-AC7F-D505B10510EB}.Debug|Any CPU.ActiveCfg = Debug|Any CPU
		{FC02883C-6CEB-4FC7-AC7F-D505B10510EB}.Debug|Any CPU.Build.0 = Debug|Any CPU
		{FC02883C-6CEB-4FC7-AC7F-D505B10510EB}.Debug|ARM.ActiveCfg = Debug|ARM
		{FC02883C-6CEB-4FC7-AC7F-D505B10510EB}.Debug|ARM.Build.0 = Debug|ARM
		{FC02883C-6CEB-4FC7-AC7F-D505B10510EB}.Debug|x64.ActiveCfg = Debug|Any CPU
		{FC02883C-6CEB-4FC7-AC7F-D505B10510EB}.Debug|x86.ActiveCfg = Debug|x86
		{FC02883C-6CEB-4FC7-AC7F-D505B10510EB}.Debug|x86.Build.0 = Debug|x86
		{FC02883C-6CEB-4FC7-AC7F-D505B10510EB}.Release|Any CPU.ActiveCfg = Release|Any CPU
		{FC02883C-6CEB-4FC7-AC7F-D505B10510EB}.Release|Any CPU.Build.0 = Release|Any CPU
		{FC02883C-6CEB-4FC7-AC7F-D505B10510EB}.Release|ARM.ActiveCfg = Release|ARM
		{FC02883C-6CEB-4FC7-AC7F-D505B10510EB}.Release|ARM.Build.0 = Release|ARM
		{FC02883C-6CEB-4FC7-AC7F-D505B10510EB}.Release|x64.ActiveCfg = Release|Any CPU
		{FC02883C-6CEB-4FC7-AC7F-D505B10510EB}.Release|x86.ActiveCfg = Release|x86
		{FC02883C-6CEB-4FC7-AC7F-D505B10510EB}.Release|x86.Build.0 = Release|x86
		{E567454A-0914-4C62-A41B-D997146B9286}.Debug|Any CPU.ActiveCfg = Debug|Any CPU
		{E567454A-0914-4C62-A41B-D997146B9286}.Debug|Any CPU.Build.0 = Debug|Any CPU
		{E567454A-0914-4C62-A41B-D997146B9286}.Debug|Any CPU.Deploy.0 = Debug|Any CPU
		{E567454A-0914-4C62-A41B-D997146B9286}.Debug|ARM.ActiveCfg = Debug|ARM
		{E567454A-0914-4C62-A41B-D997146B9286}.Debug|ARM.Build.0 = Debug|ARM
		{E567454A-0914-4C62-A41B-D997146B9286}.Debug|ARM.Deploy.0 = Debug|ARM
		{E567454A-0914-4C62-A41B-D997146B9286}.Debug|x64.ActiveCfg = Debug|Any CPU
		{E567454A-0914-4C62-A41B-D997146B9286}.Debug|x86.ActiveCfg = Debug|x86
		{E567454A-0914-4C62-A41B-D997146B9286}.Debug|x86.Build.0 = Debug|x86
		{E567454A-0914-4C62-A41B-D997146B9286}.Debug|x86.Deploy.0 = Debug|x86
		{E567454A-0914-4C62-A41B-D997146B9286}.Release|Any CPU.ActiveCfg = Release|Any CPU
		{E567454A-0914-4C62-A41B-D997146B9286}.Release|Any CPU.Build.0 = Release|Any CPU
		{E567454A-0914-4C62-A41B-D997146B9286}.Release|Any CPU.Deploy.0 = Release|Any CPU
		{E567454A-0914-4C62-A41B-D997146B9286}.Release|ARM.ActiveCfg = Release|ARM
		{E567454A-0914-4C62-A41B-D997146B9286}.Release|ARM.Build.0 = Release|ARM
		{E567454A-0914-4C62-A41B-D997146B9286}.Release|ARM.Deploy.0 = Release|ARM
		{E567454A-0914-4C62-A41B-D997146B9286}.Release|x64.ActiveCfg = Release|Any CPU
		{E567454A-0914-4C62-A41B-D997146B9286}.Release|x86.ActiveCfg = Release|x86
		{E567454A-0914-4C62-A41B-D997146B9286}.Release|x86.Build.0 = Release|x86
		{E567454A-0914-4C62-A41B-D997146B9286}.Release|x86.Deploy.0 = Release|x86
		{82EBD7F2-B58D-4D89-922D-C9D93F489411}.Debug|Any CPU.ActiveCfg = Debug|Any CPU
		{82EBD7F2-B58D-4D89-922D-C9D93F489411}.Debug|Any CPU.Build.0 = Debug|Any CPU
		{82EBD7F2-B58D-4D89-922D-C9D93F489411}.Debug|Any CPU.Deploy.0 = Debug|Any CPU
		{82EBD7F2-B58D-4D89-922D-C9D93F489411}.Debug|ARM.ActiveCfg = Debug|ARM
		{82EBD7F2-B58D-4D89-922D-C9D93F489411}.Debug|ARM.Build.0 = Debug|ARM
		{82EBD7F2-B58D-4D89-922D-C9D93F489411}.Debug|ARM.Deploy.0 = Debug|ARM
		{82EBD7F2-B58D-4D89-922D-C9D93F489411}.Debug|x64.ActiveCfg = Debug|x64
		{82EBD7F2-B58D-4D89-922D-C9D93F489411}.Debug|x64.Build.0 = Debug|x64
		{82EBD7F2-B58D-4D89-922D-C9D93F489411}.Debug|x64.Deploy.0 = Debug|x64
		{82EBD7F2-B58D-4D89-922D-C9D93F489411}.Debug|x86.ActiveCfg = Debug|x86
		{82EBD7F2-B58D-4D89-922D-C9D93F489411}.Debug|x86.Build.0 = Debug|x86
		{82EBD7F2-B58D-4D89-922D-C9D93F489411}.Debug|x86.Deploy.0 = Debug|x86
		{82EBD7F2-B58D-4D89-922D-C9D93F489411}.Release|Any CPU.ActiveCfg = Release|Any CPU
		{82EBD7F2-B58D-4D89-922D-C9D93F489411}.Release|Any CPU.Build.0 = Release|Any CPU
		{82EBD7F2-B58D-4D89-922D-C9D93F489411}.Release|Any CPU.Deploy.0 = Release|Any CPU
		{82EBD7F2-B58D-4D89-922D-C9D93F489411}.Release|ARM.ActiveCfg = Release|ARM
		{82EBD7F2-B58D-4D89-922D-C9D93F489411}.Release|ARM.Build.0 = Release|ARM
		{82EBD7F2-B58D-4D89-922D-C9D93F489411}.Release|ARM.Deploy.0 = Release|ARM
		{82EBD7F2-B58D-4D89-922D-C9D93F489411}.Release|x64.ActiveCfg = Release|x64
		{82EBD7F2-B58D-4D89-922D-C9D93F489411}.Release|x64.Build.0 = Release|x64
		{82EBD7F2-B58D-4D89-922D-C9D93F489411}.Release|x64.Deploy.0 = Release|x64
		{82EBD7F2-B58D-4D89-922D-C9D93F489411}.Release|x86.ActiveCfg = Release|x86
		{82EBD7F2-B58D-4D89-922D-C9D93F489411}.Release|x86.Build.0 = Release|x86
		{82EBD7F2-B58D-4D89-922D-C9D93F489411}.Release|x86.Deploy.0 = Release|x86
		{F0A56304-E80F-4270-85AA-ABC02C8D413F}.Debug|Any CPU.ActiveCfg = Debug|Any CPU
		{F0A56304-E80F-4270-85AA-ABC02C8D413F}.Debug|Any CPU.Build.0 = Debug|Any CPU
		{F0A56304-E80F-4270-85AA-ABC02C8D413F}.Debug|ARM.ActiveCfg = Debug|ARM
		{F0A56304-E80F-4270-85AA-ABC02C8D413F}.Debug|ARM.Build.0 = Debug|ARM
		{F0A56304-E80F-4270-85AA-ABC02C8D413F}.Debug|x64.ActiveCfg = Debug|x64
		{F0A56304-E80F-4270-85AA-ABC02C8D413F}.Debug|x64.Build.0 = Debug|x64
		{F0A56304-E80F-4270-85AA-ABC02C8D413F}.Debug|x86.ActiveCfg = Debug|x86
		{F0A56304-E80F-4270-85AA-ABC02C8D413F}.Debug|x86.Build.0 = Debug|x86
		{F0A56304-E80F-4270-85AA-ABC02C8D413F}.Release|Any CPU.ActiveCfg = Release|Any CPU
		{F0A56304-E80F-4270-85AA-ABC02C8D413F}.Release|Any CPU.Build.0 = Release|Any CPU
		{F0A56304-E80F-4270-85AA-ABC02C8D413F}.Release|ARM.ActiveCfg = Release|ARM
		{F0A56304-E80F-4270-85AA-ABC02C8D413F}.Release|ARM.Build.0 = Release|ARM
		{F0A56304-E80F-4270-85AA-ABC02C8D413F}.Release|x64.ActiveCfg = Release|x64
		{F0A56304-E80F-4270-85AA-ABC02C8D413F}.Release|x64.Build.0 = Release|x64
		{F0A56304-E80F-4270-85AA-ABC02C8D413F}.Release|x86.ActiveCfg = Release|x86
		{F0A56304-E80F-4270-85AA-ABC02C8D413F}.Release|x86.Build.0 = Release|x86
		{FCBCFD20-01F1-49A8-95F0-4BCA008E4621}.Debug|Any CPU.ActiveCfg = Debug|Any CPU
		{FCBCFD20-01F1-49A8-95F0-4BCA008E4621}.Debug|Any CPU.Build.0 = Debug|Any CPU
		{FCBCFD20-01F1-49A8-95F0-4BCA008E4621}.Debug|ARM.ActiveCfg = Debug|ARM
		{FCBCFD20-01F1-49A8-95F0-4BCA008E4621}.Debug|ARM.Build.0 = Debug|ARM
		{FCBCFD20-01F1-49A8-95F0-4BCA008E4621}.Debug|x64.ActiveCfg = Debug|Any CPU
		{FCBCFD20-01F1-49A8-95F0-4BCA008E4621}.Debug|x86.ActiveCfg = Debug|x86
		{FCBCFD20-01F1-49A8-95F0-4BCA008E4621}.Debug|x86.Build.0 = Debug|x86
		{FCBCFD20-01F1-49A8-95F0-4BCA008E4621}.Release|Any CPU.ActiveCfg = Release|Any CPU
		{FCBCFD20-01F1-49A8-95F0-4BCA008E4621}.Release|Any CPU.Build.0 = Release|Any CPU
		{FCBCFD20-01F1-49A8-95F0-4BCA008E4621}.Release|ARM.ActiveCfg = Release|ARM
		{FCBCFD20-01F1-49A8-95F0-4BCA008E4621}.Release|ARM.Build.0 = Release|ARM
		{FCBCFD20-01F1-49A8-95F0-4BCA008E4621}.Release|x64.ActiveCfg = Release|Any CPU
		{FCBCFD20-01F1-49A8-95F0-4BCA008E4621}.Release|x86.ActiveCfg = Release|x86
		{FCBCFD20-01F1-49A8-95F0-4BCA008E4621}.Release|x86.Build.0 = Release|x86
		{30967A51-30AC-48B9-B4AA-06290ECB2F23}.Debug|Any CPU.ActiveCfg = Debug|Any CPU
		{30967A51-30AC-48B9-B4AA-06290ECB2F23}.Debug|Any CPU.Build.0 = Debug|Any CPU
		{30967A51-30AC-48B9-B4AA-06290ECB2F23}.Debug|ARM.ActiveCfg = Debug|ARM
		{30967A51-30AC-48B9-B4AA-06290ECB2F23}.Debug|ARM.Build.0 = Debug|ARM
		{30967A51-30AC-48B9-B4AA-06290ECB2F23}.Debug|x64.ActiveCfg = Debug|Any CPU
		{30967A51-30AC-48B9-B4AA-06290ECB2F23}.Debug|x86.ActiveCfg = Debug|x86
		{30967A51-30AC-48B9-B4AA-06290ECB2F23}.Debug|x86.Build.0 = Debug|x86
		{30967A51-30AC-48B9-B4AA-06290ECB2F23}.Release|Any CPU.ActiveCfg = Release|Any CPU
		{30967A51-30AC-48B9-B4AA-06290ECB2F23}.Release|Any CPU.Build.0 = Release|Any CPU
		{30967A51-30AC-48B9-B4AA-06290ECB2F23}.Release|ARM.ActiveCfg = Release|ARM
		{30967A51-30AC-48B9-B4AA-06290ECB2F23}.Release|ARM.Build.0 = Release|ARM
		{30967A51-30AC-48B9-B4AA-06290ECB2F23}.Release|x64.ActiveCfg = Release|Any CPU
		{30967A51-30AC-48B9-B4AA-06290ECB2F23}.Release|x86.ActiveCfg = Release|x86
		{30967A51-30AC-48B9-B4AA-06290ECB2F23}.Release|x86.Build.0 = Release|x86
		{F9A88602-BB65-4EA8-89B0-5F28D17ACCE1}.Debug|Any CPU.ActiveCfg = Debug|Any CPU
		{F9A88602-BB65-4EA8-89B0-5F28D17ACCE1}.Debug|Any CPU.Build.0 = Debug|Any CPU
		{F9A88602-BB65-4EA8-89B0-5F28D17ACCE1}.Debug|ARM.ActiveCfg = Debug|ARM
		{F9A88602-BB65-4EA8-89B0-5F28D17ACCE1}.Debug|ARM.Build.0 = Debug|ARM
		{F9A88602-BB65-4EA8-89B0-5F28D17ACCE1}.Debug|x64.ActiveCfg = Debug|x64
		{F9A88602-BB65-4EA8-89B0-5F28D17ACCE1}.Debug|x64.Build.0 = Debug|x64
		{F9A88602-BB65-4EA8-89B0-5F28D17ACCE1}.Debug|x86.ActiveCfg = Debug|x86
		{F9A88602-BB65-4EA8-89B0-5F28D17ACCE1}.Debug|x86.Build.0 = Debug|x86
		{F9A88602-BB65-4EA8-89B0-5F28D17ACCE1}.Release|Any CPU.ActiveCfg = Release|Any CPU
		{F9A88602-BB65-4EA8-89B0-5F28D17ACCE1}.Release|Any CPU.Build.0 = Release|Any CPU
		{F9A88602-BB65-4EA8-89B0-5F28D17ACCE1}.Release|ARM.ActiveCfg = Release|ARM
		{F9A88602-BB65-4EA8-89B0-5F28D17ACCE1}.Release|ARM.Build.0 = Release|ARM
		{F9A88602-BB65-4EA8-89B0-5F28D17ACCE1}.Release|x64.ActiveCfg = Release|x64
		{F9A88602-BB65-4EA8-89B0-5F28D17ACCE1}.Release|x64.Build.0 = Release|x64
		{F9A88602-BB65-4EA8-89B0-5F28D17ACCE1}.Release|x86.ActiveCfg = Release|x86
		{F9A88602-BB65-4EA8-89B0-5F28D17ACCE1}.Release|x86.Build.0 = Release|x86
		{260C066D-2DB6-4AC1-B69B-138C8C5CE4A8}.Debug|Any CPU.ActiveCfg = Debug|Any CPU
		{260C066D-2DB6-4AC1-B69B-138C8C5CE4A8}.Debug|Any CPU.Build.0 = Debug|Any CPU
		{260C066D-2DB6-4AC1-B69B-138C8C5CE4A8}.Debug|ARM.ActiveCfg = Debug|ARM
		{260C066D-2DB6-4AC1-B69B-138C8C5CE4A8}.Debug|ARM.Build.0 = Debug|ARM
		{260C066D-2DB6-4AC1-B69B-138C8C5CE4A8}.Debug|x64.ActiveCfg = Debug|x64
		{260C066D-2DB6-4AC1-B69B-138C8C5CE4A8}.Debug|x64.Build.0 = Debug|x64
		{260C066D-2DB6-4AC1-B69B-138C8C5CE4A8}.Debug|x86.ActiveCfg = Debug|x86
		{260C066D-2DB6-4AC1-B69B-138C8C5CE4A8}.Debug|x86.Build.0 = Debug|x86
		{260C066D-2DB6-4AC1-B69B-138C8C5CE4A8}.Release|Any CPU.ActiveCfg = Release|Any CPU
		{260C066D-2DB6-4AC1-B69B-138C8C5CE4A8}.Release|Any CPU.Build.0 = Release|Any CPU
		{260C066D-2DB6-4AC1-B69B-138C8C5CE4A8}.Release|ARM.ActiveCfg = Release|ARM
		{260C066D-2DB6-4AC1-B69B-138C8C5CE4A8}.Release|ARM.Build.0 = Release|ARM
		{260C066D-2DB6-4AC1-B69B-138C8C5CE4A8}.Release|x64.ActiveCfg = Release|x64
		{260C066D-2DB6-4AC1-B69B-138C8C5CE4A8}.Release|x64.Build.0 = Release|x64
		{260C066D-2DB6-4AC1-B69B-138C8C5CE4A8}.Release|x86.ActiveCfg = Release|x86
		{260C066D-2DB6-4AC1-B69B-138C8C5CE4A8}.Release|x86.Build.0 = Release|x86
		{469B5CA4-25E4-443A-8D52-44B230390ED9}.Debug|Any CPU.ActiveCfg = Debug|Any CPU
		{469B5CA4-25E4-443A-8D52-44B230390ED9}.Debug|Any CPU.Build.0 = Debug|Any CPU
		{469B5CA4-25E4-443A-8D52-44B230390ED9}.Debug|ARM.ActiveCfg = Debug|ARM
		{469B5CA4-25E4-443A-8D52-44B230390ED9}.Debug|ARM.Build.0 = Debug|ARM
		{469B5CA4-25E4-443A-8D52-44B230390ED9}.Debug|x64.ActiveCfg = Debug|x64
		{469B5CA4-25E4-443A-8D52-44B230390ED9}.Debug|x64.Build.0 = Debug|x64
		{469B5CA4-25E4-443A-8D52-44B230390ED9}.Debug|x86.ActiveCfg = Debug|x86
		{469B5CA4-25E4-443A-8D52-44B230390ED9}.Debug|x86.Build.0 = Debug|x86
		{469B5CA4-25E4-443A-8D52-44B230390ED9}.Release|Any CPU.ActiveCfg = Release|Any CPU
		{469B5CA4-25E4-443A-8D52-44B230390ED9}.Release|Any CPU.Build.0 = Release|Any CPU
		{469B5CA4-25E4-443A-8D52-44B230390ED9}.Release|ARM.ActiveCfg = Release|ARM
		{469B5CA4-25E4-443A-8D52-44B230390ED9}.Release|ARM.Build.0 = Release|ARM
		{469B5CA4-25E4-443A-8D52-44B230390ED9}.Release|x64.ActiveCfg = Release|x64
		{469B5CA4-25E4-443A-8D52-44B230390ED9}.Release|x64.Build.0 = Release|x64
		{469B5CA4-25E4-443A-8D52-44B230390ED9}.Release|x86.ActiveCfg = Release|x86
		{469B5CA4-25E4-443A-8D52-44B230390ED9}.Release|x86.Build.0 = Release|x86
		{A728B8BE-E5A7-4489-80A4-82FB61E678CC}.Debug|Any CPU.ActiveCfg = Debug|Any CPU
		{A728B8BE-E5A7-4489-80A4-82FB61E678CC}.Debug|Any CPU.Build.0 = Debug|Any CPU
		{A728B8BE-E5A7-4489-80A4-82FB61E678CC}.Debug|ARM.ActiveCfg = Debug|ARM
		{A728B8BE-E5A7-4489-80A4-82FB61E678CC}.Debug|ARM.Build.0 = Debug|ARM
		{A728B8BE-E5A7-4489-80A4-82FB61E678CC}.Debug|x64.ActiveCfg = Debug|x64
		{A728B8BE-E5A7-4489-80A4-82FB61E678CC}.Debug|x64.Build.0 = Debug|x64
		{A728B8BE-E5A7-4489-80A4-82FB61E678CC}.Debug|x86.ActiveCfg = Debug|x86
		{A728B8BE-E5A7-4489-80A4-82FB61E678CC}.Debug|x86.Build.0 = Debug|x86
		{A728B8BE-E5A7-4489-80A4-82FB61E678CC}.Release|Any CPU.ActiveCfg = Release|Any CPU
		{A728B8BE-E5A7-4489-80A4-82FB61E678CC}.Release|Any CPU.Build.0 = Release|Any CPU
		{A728B8BE-E5A7-4489-80A4-82FB61E678CC}.Release|ARM.ActiveCfg = Release|ARM
		{A728B8BE-E5A7-4489-80A4-82FB61E678CC}.Release|ARM.Build.0 = Release|ARM
		{A728B8BE-E5A7-4489-80A4-82FB61E678CC}.Release|x64.ActiveCfg = Release|x64
		{A728B8BE-E5A7-4489-80A4-82FB61E678CC}.Release|x64.Build.0 = Release|x64
		{A728B8BE-E5A7-4489-80A4-82FB61E678CC}.Release|x86.ActiveCfg = Release|x86
		{A728B8BE-E5A7-4489-80A4-82FB61E678CC}.Release|x86.Build.0 = Release|x86
		{8BCEEB9D-DFF6-40FA-9F03-A062D8AF4F37}.Debug|Any CPU.ActiveCfg = Debug|Any CPU
		{8BCEEB9D-DFF6-40FA-9F03-A062D8AF4F37}.Debug|Any CPU.Build.0 = Debug|Any CPU
		{8BCEEB9D-DFF6-40FA-9F03-A062D8AF4F37}.Debug|ARM.ActiveCfg = Debug|ARM
		{8BCEEB9D-DFF6-40FA-9F03-A062D8AF4F37}.Debug|ARM.Build.0 = Debug|ARM
		{8BCEEB9D-DFF6-40FA-9F03-A062D8AF4F37}.Debug|x64.ActiveCfg = Debug|x64
		{8BCEEB9D-DFF6-40FA-9F03-A062D8AF4F37}.Debug|x64.Build.0 = Debug|x64
		{8BCEEB9D-DFF6-40FA-9F03-A062D8AF4F37}.Debug|x86.ActiveCfg = Debug|x86
		{8BCEEB9D-DFF6-40FA-9F03-A062D8AF4F37}.Debug|x86.Build.0 = Debug|x86
		{8BCEEB9D-DFF6-40FA-9F03-A062D8AF4F37}.Release|Any CPU.ActiveCfg = Release|Any CPU
		{8BCEEB9D-DFF6-40FA-9F03-A062D8AF4F37}.Release|Any CPU.Build.0 = Release|Any CPU
		{8BCEEB9D-DFF6-40FA-9F03-A062D8AF4F37}.Release|ARM.ActiveCfg = Release|ARM
		{8BCEEB9D-DFF6-40FA-9F03-A062D8AF4F37}.Release|ARM.Build.0 = Release|ARM
		{8BCEEB9D-DFF6-40FA-9F03-A062D8AF4F37}.Release|x64.ActiveCfg = Release|x64
		{8BCEEB9D-DFF6-40FA-9F03-A062D8AF4F37}.Release|x64.Build.0 = Release|x64
		{8BCEEB9D-DFF6-40FA-9F03-A062D8AF4F37}.Release|x86.ActiveCfg = Release|x86
		{8BCEEB9D-DFF6-40FA-9F03-A062D8AF4F37}.Release|x86.Build.0 = Release|x86
		{E0296E2D-7B06-432C-9AED-1AA8AC7CF2E7}.Debug|Any CPU.ActiveCfg = Debug|Any CPU
		{E0296E2D-7B06-432C-9AED-1AA8AC7CF2E7}.Debug|Any CPU.Build.0 = Debug|Any CPU
		{E0296E2D-7B06-432C-9AED-1AA8AC7CF2E7}.Debug|ARM.ActiveCfg = Debug|ARM
		{E0296E2D-7B06-432C-9AED-1AA8AC7CF2E7}.Debug|ARM.Build.0 = Debug|ARM
		{E0296E2D-7B06-432C-9AED-1AA8AC7CF2E7}.Debug|x64.ActiveCfg = Debug|x64
		{E0296E2D-7B06-432C-9AED-1AA8AC7CF2E7}.Debug|x64.Build.0 = Debug|x64
		{E0296E2D-7B06-432C-9AED-1AA8AC7CF2E7}.Debug|x86.ActiveCfg = Debug|x86
		{E0296E2D-7B06-432C-9AED-1AA8AC7CF2E7}.Debug|x86.Build.0 = Debug|x86
		{E0296E2D-7B06-432C-9AED-1AA8AC7CF2E7}.Release|Any CPU.ActiveCfg = Release|Any CPU
		{E0296E2D-7B06-432C-9AED-1AA8AC7CF2E7}.Release|Any CPU.Build.0 = Release|Any CPU
		{E0296E2D-7B06-432C-9AED-1AA8AC7CF2E7}.Release|ARM.ActiveCfg = Release|ARM
		{E0296E2D-7B06-432C-9AED-1AA8AC7CF2E7}.Release|ARM.Build.0 = Release|ARM
		{E0296E2D-7B06-432C-9AED-1AA8AC7CF2E7}.Release|x64.ActiveCfg = Release|x64
		{E0296E2D-7B06-432C-9AED-1AA8AC7CF2E7}.Release|x64.Build.0 = Release|x64
		{E0296E2D-7B06-432C-9AED-1AA8AC7CF2E7}.Release|x86.ActiveCfg = Release|x86
		{E0296E2D-7B06-432C-9AED-1AA8AC7CF2E7}.Release|x86.Build.0 = Release|x86
		{5E5224B5-61D3-4280-A9C2-8B5E422743C1}.Debug|Any CPU.ActiveCfg = Debug|Any CPU
		{5E5224B5-61D3-4280-A9C2-8B5E422743C1}.Debug|Any CPU.Build.0 = Debug|Any CPU
		{5E5224B5-61D3-4280-A9C2-8B5E422743C1}.Debug|ARM.ActiveCfg = Debug|ARM
		{5E5224B5-61D3-4280-A9C2-8B5E422743C1}.Debug|ARM.Build.0 = Debug|ARM
		{5E5224B5-61D3-4280-A9C2-8B5E422743C1}.Debug|x64.ActiveCfg = Debug|Any CPU
		{5E5224B5-61D3-4280-A9C2-8B5E422743C1}.Debug|x86.ActiveCfg = Debug|x86
		{5E5224B5-61D3-4280-A9C2-8B5E422743C1}.Debug|x86.Build.0 = Debug|x86
		{5E5224B5-61D3-4280-A9C2-8B5E422743C1}.Release|Any CPU.ActiveCfg = Release|Any CPU
		{5E5224B5-61D3-4280-A9C2-8B5E422743C1}.Release|Any CPU.Build.0 = Release|Any CPU
		{5E5224B5-61D3-4280-A9C2-8B5E422743C1}.Release|ARM.ActiveCfg = Release|ARM
		{5E5224B5-61D3-4280-A9C2-8B5E422743C1}.Release|ARM.Build.0 = Release|ARM
		{5E5224B5-61D3-4280-A9C2-8B5E422743C1}.Release|x64.ActiveCfg = Release|Any CPU
		{5E5224B5-61D3-4280-A9C2-8B5E422743C1}.Release|x86.ActiveCfg = Release|x86
		{5E5224B5-61D3-4280-A9C2-8B5E422743C1}.Release|x86.Build.0 = Release|x86
		{E074438A-B51D-421B-9D36-082027B56B26}.Debug|Any CPU.ActiveCfg = Debug|Any CPU
		{E074438A-B51D-421B-9D36-082027B56B26}.Debug|Any CPU.Build.0 = Debug|Any CPU
		{E074438A-B51D-421B-9D36-082027B56B26}.Debug|Any CPU.Deploy.0 = Debug|Any CPU
		{E074438A-B51D-421B-9D36-082027B56B26}.Debug|ARM.ActiveCfg = Debug|ARM
		{E074438A-B51D-421B-9D36-082027B56B26}.Debug|ARM.Build.0 = Debug|ARM
		{E074438A-B51D-421B-9D36-082027B56B26}.Debug|ARM.Deploy.0 = Debug|ARM
		{E074438A-B51D-421B-9D36-082027B56B26}.Debug|x64.ActiveCfg = Debug|x64
		{E074438A-B51D-421B-9D36-082027B56B26}.Debug|x64.Build.0 = Debug|x64
		{E074438A-B51D-421B-9D36-082027B56B26}.Debug|x64.Deploy.0 = Debug|x64
		{E074438A-B51D-421B-9D36-082027B56B26}.Debug|x86.ActiveCfg = Debug|x86
		{E074438A-B51D-421B-9D36-082027B56B26}.Debug|x86.Build.0 = Debug|x86
		{E074438A-B51D-421B-9D36-082027B56B26}.Debug|x86.Deploy.0 = Debug|x86
		{E074438A-B51D-421B-9D36-082027B56B26}.Release|Any CPU.ActiveCfg = Release|Any CPU
		{E074438A-B51D-421B-9D36-082027B56B26}.Release|Any CPU.Build.0 = Release|Any CPU
		{E074438A-B51D-421B-9D36-082027B56B26}.Release|Any CPU.Deploy.0 = Release|Any CPU
		{E074438A-B51D-421B-9D36-082027B56B26}.Release|ARM.ActiveCfg = Release|ARM
		{E074438A-B51D-421B-9D36-082027B56B26}.Release|ARM.Build.0 = Release|ARM
		{E074438A-B51D-421B-9D36-082027B56B26}.Release|ARM.Deploy.0 = Release|ARM
		{E074438A-B51D-421B-9D36-082027B56B26}.Release|x64.ActiveCfg = Release|x64
		{E074438A-B51D-421B-9D36-082027B56B26}.Release|x64.Build.0 = Release|x64
		{E074438A-B51D-421B-9D36-082027B56B26}.Release|x64.Deploy.0 = Release|x64
		{E074438A-B51D-421B-9D36-082027B56B26}.Release|x86.ActiveCfg = Release|x86
		{E074438A-B51D-421B-9D36-082027B56B26}.Release|x86.Build.0 = Release|x86
		{E074438A-B51D-421B-9D36-082027B56B26}.Release|x86.Deploy.0 = Release|x86
		{0D7A6F84-A595-4F8D-ADC0-2D804C113193}.Debug|Any CPU.ActiveCfg = Debug|Any CPU
		{0D7A6F84-A595-4F8D-ADC0-2D804C113193}.Debug|Any CPU.Build.0 = Debug|Any CPU
		{0D7A6F84-A595-4F8D-ADC0-2D804C113193}.Debug|Any CPU.Deploy.0 = Debug|Any CPU
		{0D7A6F84-A595-4F8D-ADC0-2D804C113193}.Debug|ARM.ActiveCfg = Debug|ARM
		{0D7A6F84-A595-4F8D-ADC0-2D804C113193}.Debug|ARM.Build.0 = Debug|ARM
		{0D7A6F84-A595-4F8D-ADC0-2D804C113193}.Debug|ARM.Deploy.0 = Debug|ARM
		{0D7A6F84-A595-4F8D-ADC0-2D804C113193}.Debug|x64.ActiveCfg = Debug|Any CPU
		{0D7A6F84-A595-4F8D-ADC0-2D804C113193}.Debug|x86.ActiveCfg = Debug|x86
		{0D7A6F84-A595-4F8D-ADC0-2D804C113193}.Debug|x86.Build.0 = Debug|x86
		{0D7A6F84-A595-4F8D-ADC0-2D804C113193}.Debug|x86.Deploy.0 = Debug|x86
		{0D7A6F84-A595-4F8D-ADC0-2D804C113193}.Release|Any CPU.ActiveCfg = Release|Any CPU
		{0D7A6F84-A595-4F8D-ADC0-2D804C113193}.Release|Any CPU.Build.0 = Release|Any CPU
		{0D7A6F84-A595-4F8D-ADC0-2D804C113193}.Release|Any CPU.Deploy.0 = Release|Any CPU
		{0D7A6F84-A595-4F8D-ADC0-2D804C113193}.Release|ARM.ActiveCfg = Release|ARM
		{0D7A6F84-A595-4F8D-ADC0-2D804C113193}.Release|ARM.Build.0 = Release|ARM
		{0D7A6F84-A595-4F8D-ADC0-2D804C113193}.Release|ARM.Deploy.0 = Release|ARM
		{0D7A6F84-A595-4F8D-ADC0-2D804C113193}.Release|x64.ActiveCfg = Release|Any CPU
		{0D7A6F84-A595-4F8D-ADC0-2D804C113193}.Release|x86.ActiveCfg = Release|x86
		{0D7A6F84-A595-4F8D-ADC0-2D804C113193}.Release|x86.Build.0 = Release|x86
		{0D7A6F84-A595-4F8D-ADC0-2D804C113193}.Release|x86.Deploy.0 = Release|x86
	EndGlobalSection
	GlobalSection(SolutionProperties) = preSolution
		HideSolutionNode = FALSE
	EndGlobalSection
	GlobalSection(NestedProjects) = preSolution
		{9A8C90FF-6378-4D4F-ABE6-E14A23ACA9C9} = {E4DF098E-A2DF-44D2-9844-F56D5A90C633}
		{C93E2547-69B4-4C46-9216-30F3F9D859AA} = {E4DF098E-A2DF-44D2-9844-F56D5A90C633}
		{32C332E7-E102-446D-80C3-DF508FF5290C} = {E4DF098E-A2DF-44D2-9844-F56D5A90C633}
		{8358140C-E6AD-453E-86C0-348A89A6B786} = {E4DF098E-A2DF-44D2-9844-F56D5A90C633}
		{A7856CB0-5DBA-4EED-AA81-2C2AC6CE44D5} = {E4DF098E-A2DF-44D2-9844-F56D5A90C633}
		{4E298059-9BAD-4CE1-A2CD-B55F1BA9797C} = {E4DF098E-A2DF-44D2-9844-F56D5A90C633}
		{91B366BD-B0BB-495C-96A5-FF5AC1668FAA} = {E4DF098E-A2DF-44D2-9844-F56D5A90C633}
		{EA183D62-0C6F-4C0D-B69C-55C53D026044} = {E4DF098E-A2DF-44D2-9844-F56D5A90C633}
		{38DF6BD6-FA70-4B35-A9D3-2DBD0AF49FC1} = {E4DF098E-A2DF-44D2-9844-F56D5A90C633}
	EndGlobalSection
EndGlobal
