
Microsoft Visual Studio Solution File, Format Version 12.00
# Visual Studio 2013
VisualStudioVersion = 12.0.30723.0
MinimumVisualStudioVersion = 10.0.40219.1
Project("{FAE04EC0-301F-11D3-BF4B-00C04F79EFBC}") = "Coding4Fun.Toolkit (Universal)", "Coding4Fun.Toolkit\Coding4Fun.Toolkit (Universal).csproj", "{260C066D-2DB6-4AC1-B69B-138C8C5CE4A8}"
EndProject
Project("{FAE04EC0-301F-11D3-BF4B-00C04F79EFBC}") = "Coding4Fun.Toolkit.Audio (Universal)", "Coding4Fun.Toolkit.Audio\Coding4Fun.Toolkit.Audio (Universal).csproj", "{469B5CA4-25E4-443A-8D52-44B230390ED9}"
EndProject
Project("{FAE04EC0-301F-11D3-BF4B-00C04F79EFBC}") = "Coding4Fun.Toolkit.Controls (Win8.1)", "Coding4Fun.Toolkit.Controls.WindowsStore\Coding4Fun.Toolkit.Controls (Win8.1).csproj", "{E0296E2D-7B06-432C-9AED-1AA8AC7CF2E7}"
EndProject
Project("{FAE04EC0-301F-11D3-BF4B-00C04F79EFBC}") = "Coding4Fun.Toolkit.Net (Universal)", "Coding4Fun.Toolkit.Net\Coding4Fun.Toolkit.Net (Universal).csproj", "{A728B8BE-E5A7-4489-80A4-82FB61E678CC}"
EndProject
Project("{FAE04EC0-301F-11D3-BF4B-00C04F79EFBC}") = "Coding4Fun.Toolkit.Storage (Universal)", "Coding4Fun.Toolkit.Storage\Coding4Fun.Toolkit.Storage (Universal).csproj", "{8BCEEB9D-DFF6-40FA-9F03-A062D8AF4F37}"
EndProject
Project("{FAE04EC0-301F-11D3-BF4B-00C04F79EFBC}") = "Coding4Fun.Toolkit.Test.WindowsStore (Win8.1)", "Coding4Fun.Toolkit.Test.WindowsStore\Coding4Fun.Toolkit.Test.WindowsStore (Win8.1).csproj", "{E074438A-B51D-421B-9D36-082027B56B26}"
EndProject
Global
	GlobalSection(SolutionConfigurationPlatforms) = preSolution
		Debug|Any CPU = Debug|Any CPU
		Debug|ARM = Debug|ARM
		Debug|x64 = Debug|x64
		Debug|x86 = Debug|x86
		Release|Any CPU = Release|Any CPU
		Release|ARM = Release|ARM
		Release|x64 = Release|x64
		Release|x86 = Release|x86
	EndGlobalSection
	GlobalSection(ProjectConfigurationPlatforms) = postSolution
		{260C066D-2DB6-4AC1-B69B-138C8C5CE4A8}.Debug|Any CPU.ActiveCfg = Debug|Any CPU
		{260C066D-2DB6-4AC1-B69B-138C8C5CE4A8}.Debug|Any CPU.Build.0 = Debug|Any CPU
		{260C066D-2DB6-4AC1-B69B-138C8C5CE4A8}.Debug|ARM.ActiveCfg = Debug|ARM
		{260C066D-2DB6-4AC1-B69B-138C8C5CE4A8}.Debug|ARM.Build.0 = Debug|ARM
		{260C066D-2DB6-4AC1-B69B-138C8C5CE4A8}.Debug|x64.ActiveCfg = Debug|x64
		{260C066D-2DB6-4AC1-B69B-138C8C5CE4A8}.Debug|x64.Build.0 = Debug|x64
		{260C066D-2DB6-4AC1-B69B-138C8C5CE4A8}.Debug|x86.ActiveCfg = Debug|x86
		{260C066D-2DB6-4AC1-B69B-138C8C5CE4A8}.Debug|x86.Build.0 = Debug|x86
		{260C066D-2DB6-4AC1-B69B-138C8C5CE4A8}.Release|Any CPU.ActiveCfg = Release|Any CPU
		{260C066D-2DB6-4AC1-B69B-138C8C5CE4A8}.Release|Any CPU.Build.0 = Release|Any CPU
		{260C066D-2DB6-4AC1-B69B-138C8C5CE4A8}.Release|ARM.ActiveCfg = Release|ARM
		{260C066D-2DB6-4AC1-B69B-138C8C5CE4A8}.Release|ARM.Build.0 = Release|ARM
		{260C066D-2DB6-4AC1-B69B-138C8C5CE4A8}.Release|x64.ActiveCfg = Release|x64
		{260C066D-2DB6-4AC1-B69B-138C8C5CE4A8}.Release|x64.Build.0 = Release|x64
		{260C066D-2DB6-4AC1-B69B-138C8C5CE4A8}.Release|x86.ActiveCfg = Release|x86
		{260C066D-2DB6-4AC1-B69B-138C8C5CE4A8}.Release|x86.Build.0 = Release|x86
		{469B5CA4-25E4-443A-8D52-44B230390ED9}.Debug|Any CPU.ActiveCfg = Debug|Any CPU
		{469B5CA4-25E4-443A-8D52-44B230390ED9}.Debug|Any CPU.Build.0 = Debug|Any CPU
		{469B5CA4-25E4-443A-8D52-44B230390ED9}.Debug|ARM.ActiveCfg = Debug|ARM
		{469B5CA4-25E4-443A-8D52-44B230390ED9}.Debug|ARM.Build.0 = Debug|ARM
		{469B5CA4-25E4-443A-8D52-44B230390ED9}.Debug|x64.ActiveCfg = Debug|x64
		{469B5CA4-25E4-443A-8D52-44B230390ED9}.Debug|x64.Build.0 = Debug|x64
		{469B5CA4-25E4-443A-8D52-44B230390ED9}.Debug|x86.ActiveCfg = Debug|x86
		{469B5CA4-25E4-443A-8D52-44B230390ED9}.Debug|x86.Build.0 = Debug|x86
		{469B5CA4-25E4-443A-8D52-44B230390ED9}.Release|Any CPU.ActiveCfg = Release|Any CPU
		{469B5CA4-25E4-443A-8D52-44B230390ED9}.Release|Any CPU.Build.0 = Release|Any CPU
		{469B5CA4-25E4-443A-8D52-44B230390ED9}.Release|ARM.ActiveCfg = Release|ARM
		{469B5CA4-25E4-443A-8D52-44B230390ED9}.Release|ARM.Build.0 = Release|ARM
		{469B5CA4-25E4-443A-8D52-44B230390ED9}.Release|x64.ActiveCfg = Release|x64
		{469B5CA4-25E4-443A-8D52-44B230390ED9}.Release|x64.Build.0 = Release|x64
		{469B5CA4-25E4-443A-8D52-44B230390ED9}.Release|x86.ActiveCfg = Release|x86
		{469B5CA4-25E4-443A-8D52-44B230390ED9}.Release|x86.Build.0 = Release|x86
		{E0296E2D-7B06-432C-9AED-1AA8AC7CF2E7}.Debug|Any CPU.ActiveCfg = Debug|Any CPU
		{E0296E2D-7B06-432C-9AED-1AA8AC7CF2E7}.Debug|Any CPU.Build.0 = Debug|Any CPU
		{E0296E2D-7B06-432C-9AED-1AA8AC7CF2E7}.Debug|ARM.ActiveCfg = Debug|ARM
		{E0296E2D-7B06-432C-9AED-1AA8AC7CF2E7}.Debug|ARM.Build.0 = Debug|ARM
		{E0296E2D-7B06-432C-9AED-1AA8AC7CF2E7}.Debug|x64.ActiveCfg = Debug|x64
		{E0296E2D-7B06-432C-9AED-1AA8AC7CF2E7}.Debug|x64.Build.0 = Debug|x64
		{E0296E2D-7B06-432C-9AED-1AA8AC7CF2E7}.Debug|x86.ActiveCfg = Debug|x86
		{E0296E2D-7B06-432C-9AED-1AA8AC7CF2E7}.Debug|x86.Build.0 = Debug|x86
		{E0296E2D-7B06-432C-9AED-1AA8AC7CF2E7}.Release|Any CPU.ActiveCfg = Release|Any CPU
		{E0296E2D-7B06-432C-9AED-1AA8AC7CF2E7}.Release|Any CPU.Build.0 = Release|Any CPU
		{E0296E2D-7B06-432C-9AED-1AA8AC7CF2E7}.Release|ARM.ActiveCfg = Release|ARM
		{E0296E2D-7B06-432C-9AED-1AA8AC7CF2E7}.Release|ARM.Build.0 = Release|ARM
		{E0296E2D-7B06-432C-9AED-1AA8AC7CF2E7}.Release|x64.ActiveCfg = Release|x64
		{E0296E2D-7B06-432C-9AED-1AA8AC7CF2E7}.Release|x64.Build.0 = Release|x64
		{E0296E2D-7B06-432C-9AED-1AA8AC7CF2E7}.Release|x86.ActiveCfg = Release|x86
		{E0296E2D-7B06-432C-9AED-1AA8AC7CF2E7}.Release|x86.Build.0 = Release|x86
		{A728B8BE-E5A7-4489-80A4-82FB61E678CC}.Debug|Any CPU.ActiveCfg = Debug|Any CPU
		{A728B8BE-E5A7-4489-80A4-82FB61E678CC}.Debug|Any CPU.Build.0 = Debug|Any CPU
		{A728B8BE-E5A7-4489-80A4-82FB61E678CC}.Debug|ARM.ActiveCfg = Debug|ARM
		{A728B8BE-E5A7-4489-80A4-82FB61E678CC}.Debug|ARM.Build.0 = Debug|ARM
		{A728B8BE-E5A7-4489-80A4-82FB61E678CC}.Debug|x64.ActiveCfg = Debug|x64
		{A728B8BE-E5A7-4489-80A4-82FB61E678CC}.Debug|x64.Build.0 = Debug|x64
		{A728B8BE-E5A7-4489-80A4-82FB61E678CC}.Debug|x86.ActiveCfg = Debug|x86
		{A728B8BE-E5A7-4489-80A4-82FB61E678CC}.Debug|x86.Build.0 = Debug|x86
		{A728B8BE-E5A7-4489-80A4-82FB61E678CC}.Release|Any CPU.ActiveCfg = Release|Any CPU
		{A728B8BE-E5A7-4489-80A4-82FB61E678CC}.Release|Any CPU.Build.0 = Release|Any CPU
		{A728B8BE-E5A7-4489-80A4-82FB61E678CC}.Release|ARM.ActiveCfg = Release|ARM
		{A728B8BE-E5A7-4489-80A4-82FB61E678CC}.Release|ARM.Build.0 = Release|ARM
		{A728B8BE-E5A7-4489-80A4-82FB61E678CC}.Release|x64.ActiveCfg = Release|x64
		{A728B8BE-E5A7-4489-80A4-82FB61E678CC}.Release|x64.Build.0 = Release|x64
		{A728B8BE-E5A7-4489-80A4-82FB61E678CC}.Release|x86.ActiveCfg = Release|x86
		{A728B8BE-E5A7-4489-80A4-82FB61E678CC}.Release|x86.Build.0 = Release|x86
		{8BCEEB9D-DFF6-40FA-9F03-A062D8AF4F37}.Debug|Any CPU.ActiveCfg = Debug|Any CPU
		{8BCEEB9D-DFF6-40FA-9F03-A062D8AF4F37}.Debug|Any CPU.Build.0 = Debug|Any CPU
		{8BCEEB9D-DFF6-40FA-9F03-A062D8AF4F37}.Debug|ARM.ActiveCfg = Debug|ARM
		{8BCEEB9D-DFF6-40FA-9F03-A062D8AF4F37}.Debug|ARM.Build.0 = Debug|ARM
		{8BCEEB9D-DFF6-40FA-9F03-A062D8AF4F37}.Debug|x64.ActiveCfg = Debug|x64
		{8BCEEB9D-DFF6-40FA-9F03-A062D8AF4F37}.Debug|x64.Build.0 = Debug|x64
		{8BCEEB9D-DFF6-40FA-9F03-A062D8AF4F37}.Debug|x86.ActiveCfg = Debug|x86
		{8BCEEB9D-DFF6-40FA-9F03-A062D8AF4F37}.Debug|x86.Build.0 = Debug|x86
		{8BCEEB9D-DFF6-40FA-9F03-A062D8AF4F37}.Release|Any CPU.ActiveCfg = Release|Any CPU
		{8BCEEB9D-DFF6-40FA-9F03-A062D8AF4F37}.Release|Any CPU.Build.0 = Release|Any CPU
		{8BCEEB9D-DFF6-40FA-9F03-A062D8AF4F37}.Release|ARM.ActiveCfg = Release|ARM
		{8BCEEB9D-DFF6-40FA-9F03-A062D8AF4F37}.Release|ARM.Build.0 = Release|ARM
		{8BCEEB9D-DFF6-40FA-9F03-A062D8AF4F37}.Release|x64.ActiveCfg = Release|x64
		{8BCEEB9D-DFF6-40FA-9F03-A062D8AF4F37}.Release|x64.Build.0 = Release|x64
		{8BCEEB9D-DFF6-40FA-9F03-A062D8AF4F37}.Release|x86.ActiveCfg = Release|x86
		{8BCEEB9D-DFF6-40FA-9F03-A062D8AF4F37}.Release|x86.Build.0 = Release|x86
		{E074438A-B51D-421B-9D36-082027B56B26}.Debug|Any CPU.ActiveCfg = Debug|Any CPU
		{E074438A-B51D-421B-9D36-082027B56B26}.Debug|Any CPU.Build.0 = Debug|Any CPU
		{E074438A-B51D-421B-9D36-082027B56B26}.Debug|Any CPU.Deploy.0 = Debug|Any CPU
		{E074438A-B51D-421B-9D36-082027B56B26}.Debug|ARM.ActiveCfg = Debug|ARM
		{E074438A-B51D-421B-9D36-082027B56B26}.Debug|ARM.Build.0 = Debug|ARM
		{E074438A-B51D-421B-9D36-082027B56B26}.Debug|ARM.Deploy.0 = Debug|ARM
		{E074438A-B51D-421B-9D36-082027B56B26}.Debug|x64.ActiveCfg = Debug|x64
		{E074438A-B51D-421B-9D36-082027B56B26}.Debug|x64.Build.0 = Debug|x64
		{E074438A-B51D-421B-9D36-082027B56B26}.Debug|x64.Deploy.0 = Debug|x64
		{E074438A-B51D-421B-9D36-082027B56B26}.Debug|x86.ActiveCfg = Debug|x86
		{E074438A-B51D-421B-9D36-082027B56B26}.Debug|x86.Build.0 = Debug|x86
		{E074438A-B51D-421B-9D36-082027B56B26}.Debug|x86.Deploy.0 = Debug|x86
		{E074438A-B51D-421B-9D36-082027B56B26}.Release|Any CPU.ActiveCfg = Release|Any CPU
		{E074438A-B51D-421B-9D36-082027B56B26}.Release|Any CPU.Build.0 = Release|Any CPU
		{E074438A-B51D-421B-9D36-082027B56B26}.Release|Any CPU.Deploy.0 = Release|Any CPU
		{E074438A-B51D-421B-9D36-082027B56B26}.Release|ARM.ActiveCfg = Release|ARM
		{E074438A-B51D-421B-9D36-082027B56B26}.Release|ARM.Build.0 = Release|ARM
		{E074438A-B51D-421B-9D36-082027B56B26}.Release|ARM.Deploy.0 = Release|ARM
		{E074438A-B51D-421B-9D36-082027B56B26}.Release|x64.ActiveCfg = Release|x64
		{E074438A-B51D-421B-9D36-082027B56B26}.Release|x64.Build.0 = Release|x64
		{E074438A-B51D-421B-9D36-082027B56B26}.Release|x64.Deploy.0 = Release|x64
		{E074438A-B51D-421B-9D36-082027B56B26}.Release|x86.ActiveCfg = Release|x86
		{E074438A-B51D-421B-9D36-082027B56B26}.Release|x86.Build.0 = Release|x86
		{E074438A-B51D-421B-9D36-082027B56B26}.Release|x86.Deploy.0 = Release|x86
	EndGlobalSection
	GlobalSection(SolutionProperties) = preSolution
		HideSolutionNode = FALSE
	EndGlobalSection
EndGlobal
