
Microsoft Visual Studio Solution File, Format Version 12.00
# Visual Studio 2012
Project("{FAE04EC0-301F-11D3-BF4B-00C04F79EFBC}") = "Coding4Fun.Toolkit.Audio", "Coding4Fun.Toolkit.Audio\Coding4Fun.Toolkit.Audio.csproj", "{F78F9EB4-0744-46D1-84FC-1FDB7B20714D}"
EndProject
Project("{FAE04EC0-301F-11D3-BF4B-00C04F79EFBC}") = "Coding4Fun.Toolkit.Audio (WP8)", "Coding4Fun.Toolkit.Audio\Coding4Fun.Toolkit.Audio (WP8).csproj", "{345CE3E8-C2E1-4AA2-8164-7F1CC55A84EB}"
EndProject
Project("{FAE04EC0-301F-11D3-BF4B-00C04F79EFBC}") = "Coding4Fun.Toolkit.Audio (WP7)", "Coding4Fun.Toolkit.Audio\Coding4Fun.Toolkit.Audio (WP7).csproj", "{A02D32D9-0392-4C6B-822A-3DE0AF384E57}"
EndProject
Project("{FAE04EC0-301F-11D3-BF4B-00C04F79EFBC}") = "Coding4Fun.Toolkit.Net (WP7)", "Coding4Fun.Toolkit.Net\Coding4Fun.Toolkit.Net (WP7).csproj", "{F091DEB3-A1FC-45EA-A33B-2E2B304CE625}"
EndProject
Project("{FAE04EC0-301F-11D3-BF4B-00C04F79EFBC}") = "Coding4Fun.Toolkit.Net (WP8)", "Coding4Fun.Toolkit.Net\Coding4Fun.Toolkit.Net (WP8).csproj", "{CE6F298B-1D76-4FA4-9597-633F15D1E650}"
EndProject
Project("{FAE04EC0-301F-11D3-BF4B-00C04F79EFBC}") = "Coding4Fun.Toolkit.Net", "Coding4Fun.Toolkit.Net\Coding4Fun.Toolkit.Net.csproj", "{F278C763-CBE4-4B2E-BAD0-DD5F2C2FAC2B}"
EndProject
Project("{FAE04EC0-301F-11D3-BF4B-00C04F79EFBC}") = "Coding4Fun.Toolkit.Storage", "Coding4Fun.Toolkit.Storage\Coding4Fun.Toolkit.Storage.csproj", "{0A87FAEE-6318-4454-B7BF-BDCB5CE11783}"
EndProject
Project("{FAE04EC0-301F-11D3-BF4B-00C04F79EFBC}") = "Coding4Fun.Toolkit.Storage (WP8)", "Coding4Fun.Toolkit.Storage\Coding4Fun.Toolkit.Storage (WP8).csproj", "{FC02883C-6CEB-4FC7-AC7F-D505B10510EB}"
EndProject
Project("{FAE04EC0-301F-11D3-BF4B-00C04F79EFBC}") = "Coding4Fun.Toolkit.Storage (WP7)", "Coding4Fun.Toolkit.Storage\Coding4Fun.Toolkit.Storage (WP7).csproj", "{11431739-9EFE-4600-96AD-9779FA6D9F6B}"
EndProject
Project("{FAE04EC0-301F-11D3-BF4B-00C04F79EFBC}") = "Coding4Fun.Toolkit.Test.WindowsPhone7", "Coding4Fun.Toolkit.Test.WindowsPhone7\Coding4Fun.Toolkit.Test.WindowsPhone7.csproj", "{52BCF2B5-1451-4C71-8923-3551FBB6D5CD}"
EndProject
Project("{FAE04EC0-301F-11D3-BF4B-00C04F79EFBC}") = "Coding4Fun.Toolkit.Test.WindowsPhone8", "Coding4Fun.Toolkit.Test.WindowsPhone8\Coding4Fun.Toolkit.Test.WindowsPhone8.csproj", "{E567454A-0914-4C62-A41B-D997146B9286}"
EndProject
Project("{FAE04EC0-301F-11D3-BF4B-00C04F79EFBC}") = "Coding4Fun.Toolkit.Test.WindowsStore", "Coding4Fun.Toolkit.Test.WindowsStore\Coding4Fun.Toolkit.Test.WindowsStore.csproj", "{82EBD7F2-B58D-4D89-922D-C9D93F489411}"
EndProject
Project("{2150E333-8FDC-42A3-9474-1A3956D46DE8}") = "Themes", "Themes", "{E4DF098E-A2DF-44D2-9844-F56D5A90C633}"
EndProject
Project("{FAE04EC0-301F-11D3-BF4B-00C04F79EFBC}") = "Coding4Fun.Toolkit.Controls", "Coding4Fun.Toolkit.Controls.WindowsStore\Coding4Fun.Toolkit.Controls.csproj", "{F0A56304-E80F-4270-85AA-ABC02C8D413F}"
EndProject
Project("{FAE04EC0-301F-11D3-BF4B-00C04F79EFBC}") = "Coding4Fun.Toolkit.Controls (WP7)", "Coding4Fun.Toolkit.Controls.WindowsPhone7\Coding4Fun.Toolkit.Controls (WP7).csproj", "{6E223290-66D8-4058-99CF-501769D6A641}"
EndProject
Project("{FAE04EC0-301F-11D3-BF4B-00C04F79EFBC}") = "Coding4Fun.Toolkit.Controls (WP8)", "Coding4Fun.Toolkit.Controls.WindowsPhone8\Coding4Fun.Toolkit.Controls (WP8).csproj", "{FCBCFD20-01F1-49A8-95F0-4BCA008E4621}"
EndProject
Project("{2150E333-8FDC-42A3-9474-1A3956D46DE8}") = "Buttons", "Buttons", "{9A8C90FF-6378-4D4F-ABE6-E14A23ACA9C9}"
	ProjectSection(SolutionItems) = preProject
		Coding4Fun.Toolkit.Controls.Themes\Buttons\ImageTile.xaml = Coding4Fun.Toolkit.Controls.Themes\Buttons\ImageTile.xaml
		Coding4Fun.Toolkit.Controls.Themes\Buttons\OpacityToggleButton (Windows Phone).xaml = Coding4Fun.Toolkit.Controls.Themes\Buttons\OpacityToggleButton (Windows Phone).xaml
		Coding4Fun.Toolkit.Controls.Themes\Buttons\RoundButton (Windows Phone).xaml = Coding4Fun.Toolkit.Controls.Themes\Buttons\RoundButton (Windows Phone).xaml
		Coding4Fun.Toolkit.Controls.Themes\Buttons\RoundToggleButton (Windows Phone).xaml = Coding4Fun.Toolkit.Controls.Themes\Buttons\RoundToggleButton (Windows Phone).xaml
		Coding4Fun.Toolkit.Controls.Themes\Buttons\Tile.xaml = Coding4Fun.Toolkit.Controls.Themes\Buttons\Tile.xaml
		Coding4Fun.Toolkit.Controls.Themes\Buttons\TileNotification (Windows Phone).xaml = Coding4Fun.Toolkit.Controls.Themes\Buttons\TileNotification (Windows Phone).xaml
		Coding4Fun.Toolkit.Controls.Themes\Buttons\TileNotification (Windows Store).xaml = Coding4Fun.Toolkit.Controls.Themes\Buttons\TileNotification (Windows Store).xaml
	EndProjectSection
EndProject
Project("{2150E333-8FDC-42A3-9474-1A3956D46DE8}") = "Common", "Common", "{C93E2547-69B4-4C46-9216-30F3F9D859AA}"
	ProjectSection(SolutionItems) = preProject
		Coding4Fun.Toolkit.Controls.Themes\Common\CommonStyles (Windows Phone).xaml = Coding4Fun.Toolkit.Controls.Themes\Common\CommonStyles (Windows Phone).xaml
		Coding4Fun.Toolkit.Controls.Themes\Common\CommonStyles (Windows Store).xaml = Coding4Fun.Toolkit.Controls.Themes\Common\CommonStyles (Windows Store).xaml
	EndProjectSection
EndProject
Project("{2150E333-8FDC-42A3-9474-1A3956D46DE8}") = "Colors", "Colors", "{32C332E7-E102-446D-80C3-DF508FF5290C}"
	ProjectSection(SolutionItems) = preProject
		Coding4Fun.Toolkit.Controls.Themes\Colors\ColorHexagonPicker.xaml = Coding4Fun.Toolkit.Controls.Themes\Colors\ColorHexagonPicker.xaml
		Coding4Fun.Toolkit.Controls.Themes\Colors\ColorPicker (Windows Phone).xaml = Coding4Fun.Toolkit.Controls.Themes\Colors\ColorPicker (Windows Phone).xaml
		Coding4Fun.Toolkit.Controls.Themes\Colors\ColorSlider (Windows Phone).xaml = Coding4Fun.Toolkit.Controls.Themes\Colors\ColorSlider (Windows Phone).xaml
	EndProjectSection
EndProject
Project("{2150E333-8FDC-42A3-9474-1A3956D46DE8}") = "ChatBubble", "ChatBubble", "{8358140C-E6AD-453E-86C0-348A89A6B786}"
	ProjectSection(SolutionItems) = preProject
		Coding4Fun.Toolkit.Controls.Themes\ChatBubble\ChatBubble (Windows Phone).xaml = Coding4Fun.Toolkit.Controls.Themes\ChatBubble\ChatBubble (Windows Phone).xaml
		Coding4Fun.Toolkit.Controls.Themes\ChatBubble\ChatBubbleTextBox (Windows Phone).xaml = Coding4Fun.Toolkit.Controls.Themes\ChatBubble\ChatBubbleTextBox (Windows Phone).xaml
	EndProjectSection
EndProject
Project("{2150E333-8FDC-42A3-9474-1A3956D46DE8}") = "Diagnostic", "Diagnostic", "{A7856CB0-5DBA-4EED-AA81-2C2AC6CE44D5}"
	ProjectSection(SolutionItems) = preProject
		Coding4Fun.Toolkit.Controls.Themes\Diagnostic\MemoryCounter (Windows Phone).xaml = Coding4Fun.Toolkit.Controls.Themes\Diagnostic\MemoryCounter (Windows Phone).xaml
	EndProjectSection
EndProject
Project("{2150E333-8FDC-42A3-9474-1A3956D46DE8}") = "MetroFlow", "MetroFlow", "{4E298059-9BAD-4CE1-A2CD-B55F1BA9797C}"
	ProjectSection(SolutionItems) = preProject
		Coding4Fun.Toolkit.Controls.Themes\MetroFlow\MetroFlow (Windows Phone).xaml = Coding4Fun.Toolkit.Controls.Themes\MetroFlow\MetroFlow (Windows Phone).xaml
	EndProjectSection
EndProject
Project("{2150E333-8FDC-42A3-9474-1A3956D46DE8}") = "Other", "Other", "{91B366BD-B0BB-495C-96A5-FF5AC1668FAA}"
	ProjectSection(SolutionItems) = preProject
		Coding4Fun.Toolkit.Controls.Themes\Other\ProgressOverlay (Windows Phone).xaml = Coding4Fun.Toolkit.Controls.Themes\Other\ProgressOverlay (Windows Phone).xaml
		Coding4Fun.Toolkit.Controls.Themes\Other\SuperSlider (Windows Phone).xaml = Coding4Fun.Toolkit.Controls.Themes\Other\SuperSlider (Windows Phone).xaml
	EndProjectSection
EndProject
Project("{2150E333-8FDC-42A3-9474-1A3956D46DE8}") = "ValuePicker", "ValuePicker", "{EA183D62-0C6F-4C0D-B69C-55C53D026044}"
	ProjectSection(SolutionItems) = preProject
		Coding4Fun.Toolkit.Controls.Themes\ValuePicker\LoopingSelector (Windows Phone).xaml = Coding4Fun.Toolkit.Controls.Themes\ValuePicker\LoopingSelector (Windows Phone).xaml
		Coding4Fun.Toolkit.Controls.Themes\ValuePicker\LoopingSelectorItem (Windows Phone).xaml = Coding4Fun.Toolkit.Controls.Themes\ValuePicker\LoopingSelectorItem (Windows Phone).xaml
		Coding4Fun.Toolkit.Controls.Themes\ValuePicker\TimeSpanPicker (Windows Phone).xaml = Coding4Fun.Toolkit.Controls.Themes\ValuePicker\TimeSpanPicker (Windows Phone).xaml
	EndProjectSection
EndProject
Project("{2150E333-8FDC-42A3-9474-1A3956D46DE8}") = "Prompts", "Prompts", "{38DF6BD6-FA70-4B35-A9D3-2DBD0AF49FC1}"
	ProjectSection(SolutionItems) = preProject
		Coding4Fun.Toolkit.Controls.Themes\Prompts\AboutPrompt (Windows Phone).xaml = Coding4Fun.Toolkit.Controls.Themes\Prompts\AboutPrompt (Windows Phone).xaml
		Coding4Fun.Toolkit.Controls.Themes\Prompts\AboutPromptItem (Windows Phone).xaml = Coding4Fun.Toolkit.Controls.Themes\Prompts\AboutPromptItem (Windows Phone).xaml
		Coding4Fun.Toolkit.Controls.Themes\Prompts\AppBarPrompt (Windows Phone).xaml = Coding4Fun.Toolkit.Controls.Themes\Prompts\AppBarPrompt (Windows Phone).xaml
		Coding4Fun.Toolkit.Controls.Themes\Prompts\AppBarPromptItem (Windows Phone).xaml = Coding4Fun.Toolkit.Controls.Themes\Prompts\AppBarPromptItem (Windows Phone).xaml
		Coding4Fun.Toolkit.Controls.Themes\Prompts\InputPrompt (Windows Phone).xaml = Coding4Fun.Toolkit.Controls.Themes\Prompts\InputPrompt (Windows Phone).xaml
		Coding4Fun.Toolkit.Controls.Themes\Prompts\MessagePrompt (Windows Phone).xaml = Coding4Fun.Toolkit.Controls.Themes\Prompts\MessagePrompt (Windows Phone).xaml
		Coding4Fun.Toolkit.Controls.Themes\Prompts\PasswordInputPrompt (Windows Phone).xaml = Coding4Fun.Toolkit.Controls.Themes\Prompts\PasswordInputPrompt (Windows Phone).xaml
		Coding4Fun.Toolkit.Controls.Themes\Prompts\ToastPrompt (Windows Phone).xaml = Coding4Fun.Toolkit.Controls.Themes\Prompts\ToastPrompt (Windows Phone).xaml
	EndProjectSection
EndProject
Global
	GlobalSection(SolutionConfigurationPlatforms) = preSolution
		Debug|Any CPU = Debug|Any CPU
		Debug|ARM = Debug|ARM
		Debug|x64 = Debug|x64
		Debug|x86 = Debug|x86
		Release|Any CPU = Release|Any CPU
		Release|ARM = Release|ARM
		Release|x64 = Release|x64
		Release|x86 = Release|x86
	EndGlobalSection
	GlobalSection(ProjectConfigurationPlatforms) = postSolution
		{F78F9EB4-0744-46D1-84FC-1FDB7B20714D}.Debug|Any CPU.ActiveCfg = Debug|Any CPU
		{F78F9EB4-0744-46D1-84FC-1FDB7B20714D}.Debug|Any CPU.Build.0 = Debug|Any CPU
		{F78F9EB4-0744-46D1-84FC-1FDB7B20714D}.Debug|ARM.ActiveCfg = Debug|ARM
		{F78F9EB4-0744-46D1-84FC-1FDB7B20714D}.Debug|ARM.Build.0 = Debug|ARM
		{F78F9EB4-0744-46D1-84FC-1FDB7B20714D}.Debug|x64.ActiveCfg = Debug|x64
		{F78F9EB4-0744-46D1-84FC-1FDB7B20714D}.Debug|x64.Build.0 = Debug|x64
		{F78F9EB4-0744-46D1-84FC-1FDB7B20714D}.Debug|x86.ActiveCfg = Debug|x86
		{F78F9EB4-0744-46D1-84FC-1FDB7B20714D}.Debug|x86.Build.0 = Debug|x86
		{F78F9EB4-0744-46D1-84FC-1FDB7B20714D}.Release|Any CPU.ActiveCfg = Release|Any CPU
		{F78F9EB4-0744-46D1-84FC-1FDB7B20714D}.Release|Any CPU.Build.0 = Release|Any CPU
		{F78F9EB4-0744-46D1-84FC-1FDB7B20714D}.Release|ARM.ActiveCfg = Release|ARM
		{F78F9EB4-0744-46D1-84FC-1FDB7B20714D}.Release|ARM.Build.0 = Release|ARM
		{F78F9EB4-0744-46D1-84FC-1FDB7B20714D}.Release|x64.ActiveCfg = Release|x64
		{F78F9EB4-0744-46D1-84FC-1FDB7B20714D}.Release|x64.Build.0 = Release|x64
		{F78F9EB4-0744-46D1-84FC-1FDB7B20714D}.Release|x86.ActiveCfg = Release|x86
		{F78F9EB4-0744-46D1-84FC-1FDB7B20714D}.Release|x86.Build.0 = Release|x86
		{345CE3E8-C2E1-4AA2-8164-7F1CC55A84EB}.Debug|Any CPU.ActiveCfg = Debug|Any CPU
		{345CE3E8-C2E1-4AA2-8164-7F1CC55A84EB}.Debug|Any CPU.Build.0 = Debug|Any CPU
		{345CE3E8-C2E1-4AA2-8164-7F1CC55A84EB}.Debug|ARM.ActiveCfg = Debug|ARM
		{345CE3E8-C2E1-4AA2-8164-7F1CC55A84EB}.Debug|ARM.Build.0 = Debug|ARM
		{345CE3E8-C2E1-4AA2-8164-7F1CC55A84EB}.Debug|x64.ActiveCfg = Debug|Any CPU
		{345CE3E8-C2E1-4AA2-8164-7F1CC55A84EB}.Debug|x86.ActiveCfg = Debug|x86
		{345CE3E8-C2E1-4AA2-8164-7F1CC55A84EB}.Debug|x86.Build.0 = Debug|x86
		{345CE3E8-C2E1-4AA2-8164-7F1CC55A84EB}.Release|Any CPU.ActiveCfg = Release|Any CPU
		{345CE3E8-C2E1-4AA2-8164-7F1CC55A84EB}.Release|Any CPU.Build.0 = Release|Any CPU
		{345CE3E8-C2E1-4AA2-8164-7F1CC55A84EB}.Release|ARM.ActiveCfg = Release|ARM
		{345CE3E8-C2E1-4AA2-8164-7F1CC55A84EB}.Release|ARM.Build.0 = Release|ARM
		{345CE3E8-C2E1-4AA2-8164-7F1CC55A84EB}.Release|x64.ActiveCfg = Release|Any CPU
		{345CE3E8-C2E1-4AA2-8164-7F1CC55A84EB}.Release|x86.ActiveCfg = Release|x86
		{345CE3E8-C2E1-4AA2-8164-7F1CC55A84EB}.Release|x86.Build.0 = Release|x86
		{A02D32D9-0392-4C6B-822A-3DE0AF384E57}.Debug|Any CPU.ActiveCfg = Debug|Any CPU
		{A02D32D9-0392-4C6B-822A-3DE0AF384E57}.Debug|Any CPU.Build.0 = Debug|Any CPU
		{A02D32D9-0392-4C6B-822A-3DE0AF384E57}.Debug|ARM.ActiveCfg = Debug|Any CPU
		{A02D32D9-0392-4C6B-822A-3DE0AF384E57}.Debug|x64.ActiveCfg = Debug|Any CPU
		{A02D32D9-0392-4C6B-822A-3DE0AF384E57}.Debug|x86.ActiveCfg = Debug|Any CPU
		{A02D32D9-0392-4C6B-822A-3DE0AF384E57}.Release|Any CPU.ActiveCfg = Release|Any CPU
		{A02D32D9-0392-4C6B-822A-3DE0AF384E57}.Release|Any CPU.Build.0 = Release|Any CPU
		{A02D32D9-0392-4C6B-822A-3DE0AF384E57}.Release|ARM.ActiveCfg = Release|Any CPU
		{A02D32D9-0392-4C6B-822A-3DE0AF384E57}.Release|x64.ActiveCfg = Release|Any CPU
		{A02D32D9-0392-4C6B-822A-3DE0AF384E57}.Release|x86.ActiveCfg = Release|Any CPU
		{F091DEB3-A1FC-45EA-A33B-2E2B304CE625}.Debug|Any CPU.ActiveCfg = Debug|Any CPU
		{F091DEB3-A1FC-45EA-A33B-2E2B304CE625}.Debug|Any CPU.Build.0 = Debug|Any CPU
		{F091DEB3-A1FC-45EA-A33B-2E2B304CE625}.Debug|ARM.ActiveCfg = Debug|Any CPU
		{F091DEB3-A1FC-45EA-A33B-2E2B304CE625}.Debug|x64.ActiveCfg = Debug|Any CPU
		{F091DEB3-A1FC-45EA-A33B-2E2B304CE625}.Debug|x86.ActiveCfg = Debug|Any CPU
		{F091DEB3-A1FC-45EA-A33B-2E2B304CE625}.Release|Any CPU.ActiveCfg = Release|Any CPU
		{F091DEB3-A1FC-45EA-A33B-2E2B304CE625}.Release|Any CPU.Build.0 = Release|Any CPU
		{F091DEB3-A1FC-45EA-A33B-2E2B304CE625}.Release|ARM.ActiveCfg = Release|Any CPU
		{F091DEB3-A1FC-45EA-A33B-2E2B304CE625}.Release|x64.ActiveCfg = Release|Any CPU
		{F091DEB3-A1FC-45EA-A33B-2E2B304CE625}.Release|x86.ActiveCfg = Release|Any CPU
		{CE6F298B-1D76-4FA4-9597-633F15D1E650}.Debug|Any CPU.ActiveCfg = Debug|Any CPU
		{CE6F298B-1D76-4FA4-9597-633F15D1E650}.Debug|Any CPU.Build.0 = Debug|Any CPU
		{CE6F298B-1D76-4FA4-9597-633F15D1E650}.Debug|ARM.ActiveCfg = Debug|ARM
		{CE6F298B-1D76-4FA4-9597-633F15D1E650}.Debug|ARM.Build.0 = Debug|ARM
		{CE6F298B-1D76-4FA4-9597-633F15D1E650}.Debug|x64.ActiveCfg = Debug|Any CPU
		{CE6F298B-1D76-4FA4-9597-633F15D1E650}.Debug|x86.ActiveCfg = Debug|x86
		{CE6F298B-1D76-4FA4-9597-633F15D1E650}.Debug|x86.Build.0 = Debug|x86
		{CE6F298B-1D76-4FA4-9597-633F15D1E650}.Release|Any CPU.ActiveCfg = Release|Any CPU
		{CE6F298B-1D76-4FA4-9597-633F15D1E650}.Release|Any CPU.Build.0 = Release|Any CPU
		{CE6F298B-1D76-4FA4-9597-633F15D1E650}.Release|ARM.ActiveCfg = Release|ARM
		{CE6F298B-1D76-4FA4-9597-633F15D1E650}.Release|ARM.Build.0 = Release|ARM
		{CE6F298B-1D76-4FA4-9597-633F15D1E650}.Release|x64.ActiveCfg = Release|Any CPU
		{CE6F298B-1D76-4FA4-9597-633F15D1E650}.Release|x86.ActiveCfg = Release|x86
		{CE6F298B-1D76-4FA4-9597-633F15D1E650}.Release|x86.Build.0 = Release|x86
		{F278C763-CBE4-4B2E-BAD0-DD5F2C2FAC2B}.Debug|Any CPU.ActiveCfg = Debug|Any CPU
		{F278C763-CBE4-4B2E-BAD0-DD5F2C2FAC2B}.Debug|Any CPU.Build.0 = Debug|Any CPU
		{F278C763-CBE4-4B2E-BAD0-DD5F2C2FAC2B}.Debug|ARM.ActiveCfg = Debug|ARM
		{F278C763-CBE4-4B2E-BAD0-DD5F2C2FAC2B}.Debug|ARM.Build.0 = Debug|ARM
		{F278C763-CBE4-4B2E-BAD0-DD5F2C2FAC2B}.Debug|x64.ActiveCfg = Debug|x64
		{F278C763-CBE4-4B2E-BAD0-DD5F2C2FAC2B}.Debug|x64.Build.0 = Debug|x64
		{F278C763-CBE4-4B2E-BAD0-DD5F2C2FAC2B}.Debug|x86.ActiveCfg = Debug|x86
		{F278C763-CBE4-4B2E-BAD0-DD5F2C2FAC2B}.Debug|x86.Build.0 = Debug|x86
		{F278C763-CBE4-4B2E-BAD0-DD5F2C2FAC2B}.Release|Any CPU.ActiveCfg = Release|Any CPU
		{F278C763-CBE4-4B2E-BAD0-DD5F2C2FAC2B}.Release|Any CPU.Build.0 = Release|Any CPU
		{F278C763-CBE4-4B2E-BAD0-DD5F2C2FAC2B}.Release|ARM.ActiveCfg = Release|ARM
		{F278C763-CBE4-4B2E-BAD0-DD5F2C2FAC2B}.Release|ARM.Build.0 = Release|ARM
		{F278C763-CBE4-4B2E-BAD0-DD5F2C2FAC2B}.Release|x64.ActiveCfg = Release|x64
		{F278C763-CBE4-4B2E-BAD0-DD5F2C2FAC2B}.Release|x64.Build.0 = Release|x64
		{F278C763-CBE4-4B2E-BAD0-DD5F2C2FAC2B}.Release|x86.ActiveCfg = Release|x86
		{F278C763-CBE4-4B2E-BAD0-DD5F2C2FAC2B}.Release|x86.Build.0 = Release|x86
		{0A87FAEE-6318-4454-B7BF-BDCB5CE11783}.Debug|Any CPU.ActiveCfg = Debug|Any CPU
		{0A87FAEE-6318-4454-B7BF-BDCB5CE11783}.Debug|Any CPU.Build.0 = Debug|Any CPU
		{0A87FAEE-6318-4454-B7BF-BDCB5CE11783}.Debug|ARM.ActiveCfg = Debug|ARM
		{0A87FAEE-6318-4454-B7BF-BDCB5CE11783}.Debug|ARM.Build.0 = Debug|ARM
		{0A87FAEE-6318-4454-B7BF-BDCB5CE11783}.Debug|x64.ActiveCfg = Debug|x64
		{0A87FAEE-6318-4454-B7BF-BDCB5CE11783}.Debug|x64.Build.0 = Debug|x64
		{0A87FAEE-6318-4454-B7BF-BDCB5CE11783}.Debug|x86.ActiveCfg = Debug|x86
		{0A87FAEE-6318-4454-B7BF-BDCB5CE11783}.Debug|x86.Build.0 = Debug|x86
		{0A87FAEE-6318-4454-B7BF-BDCB5CE11783}.Release|Any CPU.ActiveCfg = Release|Any CPU
		{0A87FAEE-6318-4454-B7BF-BDCB5CE11783}.Release|Any CPU.Build.0 = Release|Any CPU
		{0A87FAEE-6318-4454-B7BF-BDCB5CE11783}.Release|ARM.ActiveCfg = Release|ARM
		{0A87FAEE-6318-4454-B7BF-BDCB5CE11783}.Release|ARM.Build.0 = Release|ARM
		{0A87FAEE-6318-4454-B7BF-BDCB5CE11783}.Release|x64.ActiveCfg = Release|x64
		{0A87FAEE-6318-4454-B7BF-BDCB5CE11783}.Release|x64.Build.0 = Release|x64
		{0A87FAEE-6318-4454-B7BF-BDCB5CE11783}.Release|x86.ActiveCfg = Release|x86
		{0A87FAEE-6318-4454-B7BF-BDCB5CE11783}.Release|x86.Build.0 = Release|x86
		{FC02883C-6CEB-4FC7-AC7F-D505B10510EB}.Debug|Any CPU.ActiveCfg = Debug|Any CPU
		{FC02883C-6CEB-4FC7-AC7F-D505B10510EB}.Debug|Any CPU.Build.0 = Debug|Any CPU
		{FC02883C-6CEB-4FC7-AC7F-D505B10510EB}.Debug|ARM.ActiveCfg = Debug|ARM
		{FC02883C-6CEB-4FC7-AC7F-D505B10510EB}.Debug|ARM.Build.0 = Debug|ARM
		{FC02883C-6CEB-4FC7-AC7F-D505B10510EB}.Debug|x64.ActiveCfg = Debug|Any CPU
		{FC02883C-6CEB-4FC7-AC7F-D505B10510EB}.Debug|x86.ActiveCfg = Debug|x86
		{FC02883C-6CEB-4FC7-AC7F-D505B10510EB}.Debug|x86.Build.0 = Debug|x86
		{FC02883C-6CEB-4FC7-AC7F-D505B10510EB}.Release|Any CPU.ActiveCfg = Release|Any CPU
		{FC02883C-6CEB-4FC7-AC7F-D505B10510EB}.Release|Any CPU.Build.0 = Release|Any CPU
		{FC02883C-6CEB-4FC7-AC7F-D505B10510EB}.Release|ARM.ActiveCfg = Release|ARM
		{FC02883C-6CEB-4FC7-AC7F-D505B10510EB}.Release|ARM.Build.0 = Release|ARM
		{FC02883C-6CEB-4FC7-AC7F-D505B10510EB}.Release|x64.ActiveCfg = Release|Any CPU
		{FC02883C-6CEB-4FC7-AC7F-D505B10510EB}.Release|x86.ActiveCfg = Release|x86
		{FC02883C-6CEB-4FC7-AC7F-D505B10510EB}.Release|x86.Build.0 = Release|x86
		{11431739-9EFE-4600-96AD-9779FA6D9F6B}.Debug|Any CPU.ActiveCfg = Debug|Any CPU
		{11431739-9EFE-4600-96AD-9779FA6D9F6B}.Debug|Any CPU.Build.0 = Debug|Any CPU
		{11431739-9EFE-4600-96AD-9779FA6D9F6B}.Debug|ARM.ActiveCfg = Debug|Any CPU
		{11431739-9EFE-4600-96AD-9779FA6D9F6B}.Debug|x64.ActiveCfg = Debug|Any CPU
		{11431739-9EFE-4600-96AD-9779FA6D9F6B}.Debug|x86.ActiveCfg = Debug|Any CPU
		{11431739-9EFE-4600-96AD-9779FA6D9F6B}.Release|Any CPU.ActiveCfg = Release|Any CPU
		{11431739-9EFE-4600-96AD-9779FA6D9F6B}.Release|Any CPU.Build.0 = Release|Any CPU
		{11431739-9EFE-4600-96AD-9779FA6D9F6B}.Release|ARM.ActiveCfg = Release|Any CPU
		{11431739-9EFE-4600-96AD-9779FA6D9F6B}.Release|x64.ActiveCfg = Release|Any CPU
		{11431739-9EFE-4600-96AD-9779FA6D9F6B}.Release|x86.ActiveCfg = Release|Any CPU
		{52BCF2B5-1451-4C71-8923-3551FBB6D5CD}.Debug|Any CPU.ActiveCfg = Debug|Any CPU
		{52BCF2B5-1451-4C71-8923-3551FBB6D5CD}.Debug|Any CPU.Build.0 = Debug|Any CPU
		{52BCF2B5-1451-4C71-8923-3551FBB6D5CD}.Debug|Any CPU.Deploy.0 = Debug|Any CPU
		{52BCF2B5-1451-4C71-8923-3551FBB6D5CD}.Debug|ARM.ActiveCfg = Debug|Any CPU
		{52BCF2B5-1451-4C71-8923-3551FBB6D5CD}.Debug|x64.ActiveCfg = Debug|Any CPU
		{52BCF2B5-1451-4C71-8923-3551FBB6D5CD}.Debug|x86.ActiveCfg = Debug|Any CPU
		{52BCF2B5-1451-4C71-8923-3551FBB6D5CD}.Release|Any CPU.ActiveCfg = Release|Any CPU
		{52BCF2B5-1451-4C71-8923-3551FBB6D5CD}.Release|Any CPU.Build.0 = Release|Any CPU
		{52BCF2B5-1451-4C71-8923-3551FBB6D5CD}.Release|Any CPU.Deploy.0 = Release|Any CPU
		{52BCF2B5-1451-4C71-8923-3551FBB6D5CD}.Release|ARM.ActiveCfg = Release|Any CPU
		{52BCF2B5-1451-4C71-8923-3551FBB6D5CD}.Release|x64.ActiveCfg = Release|Any CPU
		{52BCF2B5-1451-4C71-8923-3551FBB6D5CD}.Release|x86.ActiveCfg = Release|Any CPU
		{E567454A-0914-4C62-A41B-D997146B9286}.Debug|Any CPU.ActiveCfg = Debug|Any CPU
		{E567454A-0914-4C62-A41B-D997146B9286}.Debug|Any CPU.Build.0 = Debug|Any CPU
		{E567454A-0914-4C62-A41B-D997146B9286}.Debug|Any CPU.Deploy.0 = Debug|Any CPU
		{E567454A-0914-4C62-A41B-D997146B9286}.Debug|ARM.ActiveCfg = Debug|ARM
		{E567454A-0914-4C62-A41B-D997146B9286}.Debug|ARM.Build.0 = Debug|ARM
		{E567454A-0914-4C62-A41B-D997146B9286}.Debug|ARM.Deploy.0 = Debug|ARM
		{E567454A-0914-4C62-A41B-D997146B9286}.Debug|x64.ActiveCfg = Debug|Any CPU
		{E567454A-0914-4C62-A41B-D997146B9286}.Debug|x86.ActiveCfg = Debug|x86
		{E567454A-0914-4C62-A41B-D997146B9286}.Debug|x86.Build.0 = Debug|x86
		{E567454A-0914-4C62-A41B-D997146B9286}.Debug|x86.Deploy.0 = Debug|x86
		{E567454A-0914-4C62-A41B-D997146B9286}.Release|Any CPU.ActiveCfg = Release|Any CPU
		{E567454A-0914-4C62-A41B-D997146B9286}.Release|Any CPU.Build.0 = Release|Any CPU
		{E567454A-0914-4C62-A41B-D997146B9286}.Release|Any CPU.Deploy.0 = Release|Any CPU
		{E567454A-0914-4C62-A41B-D997146B9286}.Release|ARM.ActiveCfg = Release|ARM
		{E567454A-0914-4C62-A41B-D997146B9286}.Release|ARM.Build.0 = Release|ARM
		{E567454A-0914-4C62-A41B-D997146B9286}.Release|ARM.Deploy.0 = Release|ARM
		{E567454A-0914-4C62-A41B-D997146B9286}.Release|x64.ActiveCfg = Release|Any CPU
		{E567454A-0914-4C62-A41B-D997146B9286}.Release|x86.ActiveCfg = Release|x86
		{E567454A-0914-4C62-A41B-D997146B9286}.Release|x86.Build.0 = Release|x86
		{E567454A-0914-4C62-A41B-D997146B9286}.Release|x86.Deploy.0 = Release|x86
		{82EBD7F2-B58D-4D89-922D-C9D93F489411}.Debug|Any CPU.ActiveCfg = Debug|Any CPU
		{82EBD7F2-B58D-4D89-922D-C9D93F489411}.Debug|Any CPU.Build.0 = Debug|Any CPU
		{82EBD7F2-B58D-4D89-922D-C9D93F489411}.Debug|Any CPU.Deploy.0 = Debug|Any CPU
		{82EBD7F2-B58D-4D89-922D-C9D93F489411}.Debug|ARM.ActiveCfg = Debug|ARM
		{82EBD7F2-B58D-4D89-922D-C9D93F489411}.Debug|ARM.Build.0 = Debug|ARM
		{82EBD7F2-B58D-4D89-922D-C9D93F489411}.Debug|ARM.Deploy.0 = Debug|ARM
		{82EBD7F2-B58D-4D89-922D-C9D93F489411}.Debug|x64.ActiveCfg = Debug|x64
		{82EBD7F2-B58D-4D89-922D-C9D93F489411}.Debug|x64.Build.0 = Debug|x64
		{82EBD7F2-B58D-4D89-922D-C9D93F489411}.Debug|x64.Deploy.0 = Debug|x64
		{82EBD7F2-B58D-4D89-922D-C9D93F489411}.Debug|x86.ActiveCfg = Debug|x86
		{82EBD7F2-B58D-4D89-922D-C9D93F489411}.Debug|x86.Build.0 = Debug|x86
		{82EBD7F2-B58D-4D89-922D-C9D93F489411}.Debug|x86.Deploy.0 = Debug|x86
		{82EBD7F2-B58D-4D89-922D-C9D93F489411}.Release|Any CPU.ActiveCfg = Release|Any CPU
		{82EBD7F2-B58D-4D89-922D-C9D93F489411}.Release|Any CPU.Build.0 = Release|Any CPU
		{82EBD7F2-B58D-4D89-922D-C9D93F489411}.Release|Any CPU.Deploy.0 = Release|Any CPU
		{82EBD7F2-B58D-4D89-922D-C9D93F489411}.Release|ARM.ActiveCfg = Release|ARM
		{82EBD7F2-B58D-4D89-922D-C9D93F489411}.Release|ARM.Build.0 = Release|ARM
		{82EBD7F2-B58D-4D89-922D-C9D93F489411}.Release|ARM.Deploy.0 = Release|ARM
		{82EBD7F2-B58D-4D89-922D-C9D93F489411}.Release|x64.ActiveCfg = Release|x64
		{82EBD7F2-B58D-4D89-922D-C9D93F489411}.Release|x64.Build.0 = Release|x64
		{82EBD7F2-B58D-4D89-922D-C9D93F489411}.Release|x64.Deploy.0 = Release|x64
		{82EBD7F2-B58D-4D89-922D-C9D93F489411}.Release|x86.ActiveCfg = Release|x86
		{82EBD7F2-B58D-4D89-922D-C9D93F489411}.Release|x86.Build.0 = Release|x86
		{82EBD7F2-B58D-4D89-922D-C9D93F489411}.Release|x86.Deploy.0 = Release|x86
		{F0A56304-E80F-4270-85AA-ABC02C8D413F}.Debug|Any CPU.ActiveCfg = Debug|Any CPU
		{F0A56304-E80F-4270-85AA-ABC02C8D413F}.Debug|Any CPU.Build.0 = Debug|Any CPU
		{F0A56304-E80F-4270-85AA-ABC02C8D413F}.Debug|ARM.ActiveCfg = Debug|ARM
		{F0A56304-E80F-4270-85AA-ABC02C8D413F}.Debug|ARM.Build.0 = Debug|ARM
		{F0A56304-E80F-4270-85AA-ABC02C8D413F}.Debug|x64.ActiveCfg = Debug|x64
		{F0A56304-E80F-4270-85AA-ABC02C8D413F}.Debug|x64.Build.0 = Debug|x64
		{F0A56304-E80F-4270-85AA-ABC02C8D413F}.Debug|x86.ActiveCfg = Debug|x86
		{F0A56304-E80F-4270-85AA-ABC02C8D413F}.Debug|x86.Build.0 = Debug|x86
		{F0A56304-E80F-4270-85AA-ABC02C8D413F}.Release|Any CPU.ActiveCfg = Release|Any CPU
		{F0A56304-E80F-4270-85AA-ABC02C8D413F}.Release|Any CPU.Build.0 = Release|Any CPU
		{F0A56304-E80F-4270-85AA-ABC02C8D413F}.Release|ARM.ActiveCfg = Release|ARM
		{F0A56304-E80F-4270-85AA-ABC02C8D413F}.Release|ARM.Build.0 = Release|ARM
		{F0A56304-E80F-4270-85AA-ABC02C8D413F}.Release|x64.ActiveCfg = Release|x64
		{F0A56304-E80F-4270-85AA-ABC02C8D413F}.Release|x64.Build.0 = Release|x64
		{F0A56304-E80F-4270-85AA-ABC02C8D413F}.Release|x86.ActiveCfg = Release|x86
		{F0A56304-E80F-4270-85AA-ABC02C8D413F}.Release|x86.Build.0 = Release|x86
		{6E223290-66D8-4058-99CF-501769D6A641}.Debug|Any CPU.ActiveCfg = Debug|Any CPU
		{6E223290-66D8-4058-99CF-501769D6A641}.Debug|Any CPU.Build.0 = Debug|Any CPU
		{6E223290-66D8-4058-99CF-501769D6A641}.Debug|ARM.ActiveCfg = Debug|Any CPU
		{6E223290-66D8-4058-99CF-501769D6A641}.Debug|x64.ActiveCfg = Debug|Any CPU
		{6E223290-66D8-4058-99CF-501769D6A641}.Debug|x86.ActiveCfg = Debug|Any CPU
		{6E223290-66D8-4058-99CF-501769D6A641}.Release|Any CPU.ActiveCfg = Release|Any CPU
		{6E223290-66D8-4058-99CF-501769D6A641}.Release|Any CPU.Build.0 = Release|Any CPU
		{6E223290-66D8-4058-99CF-501769D6A641}.Release|ARM.ActiveCfg = Release|Any CPU
		{6E223290-66D8-4058-99CF-501769D6A641}.Release|x64.ActiveCfg = Release|Any CPU
		{6E223290-66D8-4058-99CF-501769D6A641}.Release|x86.ActiveCfg = Release|Any CPU
		{FCBCFD20-01F1-49A8-95F0-4BCA008E4621}.Debug|Any CPU.ActiveCfg = Debug|Any CPU
		{FCBCFD20-01F1-49A8-95F0-4BCA008E4621}.Debug|Any CPU.Build.0 = Debug|Any CPU
		{FCBCFD20-01F1-49A8-95F0-4BCA008E4621}.Debug|ARM.ActiveCfg = Debug|ARM
		{FCBCFD20-01F1-49A8-95F0-4BCA008E4621}.Debug|ARM.Build.0 = Debug|ARM
		{FCBCFD20-01F1-49A8-95F0-4BCA008E4621}.Debug|x64.ActiveCfg = Debug|Any CPU
		{FCBCFD20-01F1-49A8-95F0-4BCA008E4621}.Debug|x86.ActiveCfg = Debug|x86
		{FCBCFD20-01F1-49A8-95F0-4BCA008E4621}.Debug|x86.Build.0 = Debug|x86
		{FCBCFD20-01F1-49A8-95F0-4BCA008E4621}.Release|Any CPU.ActiveCfg = Release|Any CPU
		{FCBCFD20-01F1-49A8-95F0-4BCA008E4621}.Release|Any CPU.Build.0 = Release|Any CPU
		{FCBCFD20-01F1-49A8-95F0-4BCA008E4621}.Release|ARM.ActiveCfg = Release|ARM
		{FCBCFD20-01F1-49A8-95F0-4BCA008E4621}.Release|ARM.Build.0 = Release|ARM
		{FCBCFD20-01F1-49A8-95F0-4BCA008E4621}.Release|x64.ActiveCfg = Release|Any CPU
		{FCBCFD20-01F1-49A8-95F0-4BCA008E4621}.Release|x86.ActiveCfg = Release|x86
		{FCBCFD20-01F1-49A8-95F0-4BCA008E4621}.Release|x86.Build.0 = Release|x86
	EndGlobalSection
	GlobalSection(SolutionProperties) = preSolution
		HideSolutionNode = FALSE
	EndGlobalSection
	GlobalSection(NestedProjects) = preSolution
		{9A8C90FF-6378-4D4F-ABE6-E14A23ACA9C9} = {E4DF098E-A2DF-44D2-9844-F56D5A90C633}
		{C93E2547-69B4-4C46-9216-30F3F9D859AA} = {E4DF098E-A2DF-44D2-9844-F56D5A90C633}
		{32C332E7-E102-446D-80C3-DF508FF5290C} = {E4DF098E-A2DF-44D2-9844-F56D5A90C633}
		{8358140C-E6AD-453E-86C0-348A89A6B786} = {E4DF098E-A2DF-44D2-9844-F56D5A90C633}
		{A7856CB0-5DBA-4EED-AA81-2C2AC6CE44D5} = {E4DF098E-A2DF-44D2-9844-F56D5A90C633}
		{4E298059-9BAD-4CE1-A2CD-B55F1BA9797C} = {E4DF098E-A2DF-44D2-9844-F56D5A90C633}
		{91B366BD-B0BB-495C-96A5-FF5AC1668FAA} = {E4DF098E-A2DF-44D2-9844-F56D5A90C633}
		{EA183D62-0C6F-4C0D-B69C-55C53D026044} = {E4DF098E-A2DF-44D2-9844-F56D5A90C633}
		{38DF6BD6-FA70-4B35-A9D3-2DBD0AF49FC1} = {E4DF098E-A2DF-44D2-9844-F56D5A90C633}
	EndGlobalSection
EndGlobal
